[metadata]
schema-version = "0.1"
generated-by = "ctx traits sync"
generated-at = "not-recorded"

[[trait]]
id = "architect"
variant = "default"
requested-version = "0.1.0"
resolved-version = "0.1.0"

[trait.digests]
source = "sha256:38925ffa49a028a2040470e2d7f5960b56d2ae9328b4fb5731147de08556520d"
canonical = "sha256:3c4866893bc09d5a8dd2f819ca614fcc38f24ace73b11943528569dceaa2e8c1"
model-visible = "sha256:734bccc0bf9abedf767313ee2622f6af597e41c439ec2951dea9112c8becbe12"
resource-manifest = "sha256:b0906110b53023cd6f85df2d03c990ed9c7140de44f884cc191c395b11896388"
