[metadata]
schema-version = "0.1"
generated-by = "ctx traits sync"
generated-at = "not-recorded"

[[trait]]
id = "refactor"
variant = "complex"
requested-version = "0.13.0"
resolved-version = "0.13.0"

[trait.digests]
source = "sha256:99638e624d4e4cb6358a182bd85610fc21d5696bc8d15f98354847a68a9f77a4"
canonical = "sha256:208bb225405da94b2353e6625ead5a5e797c7bd84ab7cc1bba7ed10d2f68a0a4"
model-visible = "sha256:755677940457773df3168a43f3fa13035d823f4658c7f0dbebb3f74fe2a7b89b"
resource-manifest = "sha256:928a1b76f1e2ece74a4cacdd98ecc77e203de05861b65ba277719f9d031646f5"

[[trait]]
id = "refactor"
variant = "default"
requested-version = "0.11.0"
resolved-version = "0.11.0"

[trait.digests]
source = "sha256:09f6ecc800f1ffac0154330b4f98fb5bd47ec1b250f98c3e860041be30841db5"
canonical = "sha256:0997bae897bcf6322c1f00fc461e85c4f6fe42202793b50d7313b18f0e06c82c"
model-visible = "sha256:a491b2cdaf6b755b5c4a31db36b79cfee18902ef568a89690e1fa9f5f847ab19"
resource-manifest = "sha256:15154d61f645de6365f0f6d20f37d204f271a28c47376e994c926bfe530b8d34"

[[trait]]
id = "refactor"
variant = "direct"
requested-version = "0.11.0"
resolved-version = "0.11.0"

[trait.digests]
source = "sha256:1e158feda1a6e746fcad91a27ae54c87c1148f6fe3833c2e1b9719366f06445c"
canonical = "sha256:10fce8d4c6c9260956b9d6e0cc2027b423283ea122904ddde56965e4bbe9aab7"
model-visible = "sha256:60acd44385c90bfdd05eaef094512c34e744a963e41bd1f641c0c4008619e828"
resource-manifest = "sha256:d44252c6cf774f41cb7c7b1bd6a190ee1ea26702ef46cfa328fa0d8887fa4f51"

[[trait]]
id = "refactor"
variant = "guarded"
requested-version = "0.13.0"
resolved-version = "0.13.0"

[trait.digests]
source = "sha256:4d2b21d68cc1c557ac839d5206cdf1084da61edb2272253cc3a7dcea9b0e844e"
canonical = "sha256:4d673b4605661aedd4d0b20664c1c102dbac50984843cd0ccb352bea33ebbe29"
model-visible = "sha256:b47459292ff984d0d3a54b08f9bfc0ddfa6ad51f9b5a16cc659693b0be6d0b82"
resource-manifest = "sha256:928a1b76f1e2ece74a4cacdd98ecc77e203de05861b65ba277719f9d031646f5"

[[trait]]
id = "refactor"
variant = "guided"
requested-version = "0.13.0"
resolved-version = "0.13.0"

[trait.digests]
source = "sha256:cdda43a0e4bf0f3871e081f7265e983f628be39548e60cb725683a605dbc35df"
canonical = "sha256:836c4bfe27c5a3368e115bf417f7d0c1e05dbd291f8674f5cc60a36b52a64448"
model-visible = "sha256:228b4126940d53b8328d97b4d3c414b2a27ffb039f2bbb2510038c763af25ea1"
resource-manifest = "sha256:928a1b76f1e2ece74a4cacdd98ecc77e203de05861b65ba277719f9d031646f5"

[[trait]]
id = "refactor"
variant = "quick"
requested-version = "0.13.0"
resolved-version = "0.13.0"

[trait.digests]
source = "sha256:0c52b97c0a81d11e32ff38d5183e7fdbff4c97fec854f34975498202907c0dbf"
canonical = "sha256:cb635e2c2b13ddd91386623d417587c9101ce09b45f08846b64e415745134127"
model-visible = "sha256:9e91357d50e944560adb8ef124e09c58352dd785c2129eff87cd3373e5b1a058"
resource-manifest = "sha256:928a1b76f1e2ece74a4cacdd98ecc77e203de05861b65ba277719f9d031646f5"

[[trait]]
id = "refactor"
variant = "smart"
requested-version = "0.11.0"
resolved-version = "0.11.0"

[trait.digests]
source = "sha256:c98f6f9999d9dda411c9c53539b93a3bf1d4db049662651c9603563963cc5846"
canonical = "sha256:81e6ea59cbfab7e1c1c65a78b88549247b4070f4bdade1459e9917ae8dbec887"
model-visible = "sha256:a29c5520218e78d6863000d11159f54eee14b14f4f2b61660e414c89413c1392"
resource-manifest = "sha256:15154d61f645de6365f0f6d20f37d204f271a28c47376e994c926bfe530b8d34"

[[trait]]
id = "refactor"
variant = "strict"
requested-version = "0.11.0"
resolved-version = "0.11.0"

[trait.digests]
source = "sha256:c26d72ae35b0d7ae04ffaf10b602b09988d2fa955c51ed425aab5d148436b658"
canonical = "sha256:f1ef310eb3f2e717442230bf939594d6c2dca419e9d214530ec9c87af3069d18"
model-visible = "sha256:1440b174bd5197724e61340f3e48d24e5aa8b250114d3fec367de15cf7956d07"
resource-manifest = "sha256:15154d61f645de6365f0f6d20f37d204f271a28c47376e994c926bfe530b8d34"
