[metadata]
schema-version = "0.1"
generated-by = "ctx traits sync"
generated-at = "not-recorded"

[[trait]]
id = "refactor"
variant = "complex"
requested-version = "0.13.0"
resolved-version = "0.13.0"

[trait.digests]
source = "sha256:59085b3cd4e98d7695ce7427db85972869dca3759f2daaf871ddbb7c94bb5794"
canonical = "sha256:ef26b2af55e22f83c2c3ae8f7c3b24a4585e52eda20eea9b0583607a6b918145"
model-visible = "sha256:90de81efd17e069298e1999b1cf59ed3b237032ce099583ccc4c88be987cd5ec"
resource-manifest = "sha256:928a1b76f1e2ece74a4cacdd98ecc77e203de05861b65ba277719f9d031646f5"

[[trait]]
id = "refactor"
variant = "default"
requested-version = "0.11.0"
resolved-version = "0.11.0"

[trait.digests]
source = "sha256:09f6ecc800f1ffac0154330b4f98fb5bd47ec1b250f98c3e860041be30841db5"
canonical = "sha256:0997bae897bcf6322c1f00fc461e85c4f6fe42202793b50d7313b18f0e06c82c"
model-visible = "sha256:a491b2cdaf6b755b5c4a31db36b79cfee18902ef568a89690e1fa9f5f847ab19"
resource-manifest = "sha256:15154d61f645de6365f0f6d20f37d204f271a28c47376e994c926bfe530b8d34"

[[trait]]
id = "refactor"
variant = "direct"
requested-version = "0.11.0"
resolved-version = "0.11.0"

[trait.digests]
source = "sha256:1e158feda1a6e746fcad91a27ae54c87c1148f6fe3833c2e1b9719366f06445c"
canonical = "sha256:10fce8d4c6c9260956b9d6e0cc2027b423283ea122904ddde56965e4bbe9aab7"
model-visible = "sha256:60acd44385c90bfdd05eaef094512c34e744a963e41bd1f641c0c4008619e828"
resource-manifest = "sha256:d44252c6cf774f41cb7c7b1bd6a190ee1ea26702ef46cfa328fa0d8887fa4f51"

[[trait]]
id = "refactor"
variant = "guarded"
requested-version = "0.13.0"
resolved-version = "0.13.0"

[trait.digests]
source = "sha256:78deecbe71c0268438d834c61f795e9e4cb8a4287b9ca2115dd04b9f34ec4b68"
canonical = "sha256:f1da5e8a478505ddfe3300e55c155839224943d205ca47830bbe40b60f37fe8f"
model-visible = "sha256:74055dc1eea70abfb442886234c6c3df82422220637f29ba6aa9b077d75ac3a7"
resource-manifest = "sha256:928a1b76f1e2ece74a4cacdd98ecc77e203de05861b65ba277719f9d031646f5"

[[trait]]
id = "refactor"
variant = "guided"
requested-version = "0.13.0"
resolved-version = "0.13.0"

[trait.digests]
source = "sha256:cc84cd2843a7d04ada67753fd43feb825557349cd790ab31e8959970a0152d25"
canonical = "sha256:72ce3757fc3c1b655c1ccc4e94546a9a8dc7e511d0dc4c63232f1cf5e89b4d10"
model-visible = "sha256:d9723541df302c22f614a0dbf0e4926c34cbf880762400bbf4c77c7ed8780320"
resource-manifest = "sha256:928a1b76f1e2ece74a4cacdd98ecc77e203de05861b65ba277719f9d031646f5"

[[trait]]
id = "refactor"
variant = "quick"
requested-version = "0.13.0"
resolved-version = "0.13.0"

[trait.digests]
source = "sha256:2197c1c4b35ea07fc440427957fe50db644dab7bded9c8fd6fdf33db91b0234c"
canonical = "sha256:da8287d61a398a3965a2101f74e864d0bb9a698f4b98ae1f57b03fef4fce22eb"
model-visible = "sha256:c7c3987861e8789016365c45fdbca506a84ff7eadfa92635b09ebef9d667b71f"
resource-manifest = "sha256:928a1b76f1e2ece74a4cacdd98ecc77e203de05861b65ba277719f9d031646f5"

[[trait]]
id = "refactor"
variant = "smart"
requested-version = "0.11.0"
resolved-version = "0.11.0"

[trait.digests]
source = "sha256:c98f6f9999d9dda411c9c53539b93a3bf1d4db049662651c9603563963cc5846"
canonical = "sha256:81e6ea59cbfab7e1c1c65a78b88549247b4070f4bdade1459e9917ae8dbec887"
model-visible = "sha256:a29c5520218e78d6863000d11159f54eee14b14f4f2b61660e414c89413c1392"
resource-manifest = "sha256:15154d61f645de6365f0f6d20f37d204f271a28c47376e994c926bfe530b8d34"

[[trait]]
id = "refactor"
variant = "strict"
requested-version = "0.11.0"
resolved-version = "0.11.0"

[trait.digests]
source = "sha256:c26d72ae35b0d7ae04ffaf10b602b09988d2fa955c51ed425aab5d148436b658"
canonical = "sha256:f1ef310eb3f2e717442230bf939594d6c2dca419e9d214530ec9c87af3069d18"
model-visible = "sha256:1440b174bd5197724e61340f3e48d24e5aa8b250114d3fec367de15cf7956d07"
resource-manifest = "sha256:15154d61f645de6365f0f6d20f37d204f271a28c47376e994c926bfe530b8d34"
