[metadata]
schema-version = "0.1"
generated-by = "ctx traits sync"
generated-at = "not-recorded"

[[trait]]
id = "refactor"
variant = "complex"
requested-version = "0.13.0"
resolved-version = "0.13.0"

[trait.digests]
source = "sha256:95e9a16840d1523a8c44180dc3452e203fcb1833c3f9dd58aaf8d74b81a54cde"
canonical = "sha256:7b9d724f86f088fda9730189b3936e5f50e92a717f78c010fb041cd426b4a26e"
model-visible = "sha256:ad8659bcd09c10b81c9360bac50cf51a4476dd223a797ce0127e43cb1d3d6c36"
resource-manifest = "sha256:928a1b76f1e2ece74a4cacdd98ecc77e203de05861b65ba277719f9d031646f5"

[[trait]]
id = "refactor"
variant = "default"
requested-version = "0.11.0"
resolved-version = "0.11.0"

[trait.digests]
source = "sha256:09f6ecc800f1ffac0154330b4f98fb5bd47ec1b250f98c3e860041be30841db5"
canonical = "sha256:0997bae897bcf6322c1f00fc461e85c4f6fe42202793b50d7313b18f0e06c82c"
model-visible = "sha256:a491b2cdaf6b755b5c4a31db36b79cfee18902ef568a89690e1fa9f5f847ab19"
resource-manifest = "sha256:15154d61f645de6365f0f6d20f37d204f271a28c47376e994c926bfe530b8d34"

[[trait]]
id = "refactor"
variant = "direct"
requested-version = "0.11.0"
resolved-version = "0.11.0"

[trait.digests]
source = "sha256:1e158feda1a6e746fcad91a27ae54c87c1148f6fe3833c2e1b9719366f06445c"
canonical = "sha256:10fce8d4c6c9260956b9d6e0cc2027b423283ea122904ddde56965e4bbe9aab7"
model-visible = "sha256:60acd44385c90bfdd05eaef094512c34e744a963e41bd1f641c0c4008619e828"
resource-manifest = "sha256:d44252c6cf774f41cb7c7b1bd6a190ee1ea26702ef46cfa328fa0d8887fa4f51"

[[trait]]
id = "refactor"
variant = "guarded"
requested-version = "0.13.0"
resolved-version = "0.13.0"

[trait.digests]
source = "sha256:180b294fc8fbb6bda882602228e7f2ff48f9720af540571911b502a4e0b8f407"
canonical = "sha256:f1c554e377daa64e13b5a2da6e5d462106bcd903ee1653de633c8e61d4ebd423"
model-visible = "sha256:f6f2a96468183ddb82e1cdec7dc8b9865343c5e7c7e3224137eef299b5a9fac4"
resource-manifest = "sha256:928a1b76f1e2ece74a4cacdd98ecc77e203de05861b65ba277719f9d031646f5"

[[trait]]
id = "refactor"
variant = "guided"
requested-version = "0.13.0"
resolved-version = "0.13.0"

[trait.digests]
source = "sha256:22fbda4ed1e1ffeafef8af1f380c4138798ae7cec303f1ba91f4c3e2292ea4cb"
canonical = "sha256:b489761ef9a66001023ec873e3d0d6af831d70a0d505e8be32046dd6b2f943b9"
model-visible = "sha256:01c6786d32c5809eb6818d600d032427c97d0a9d94f1853b4ec6eea25fcd4e79"
resource-manifest = "sha256:928a1b76f1e2ece74a4cacdd98ecc77e203de05861b65ba277719f9d031646f5"

[[trait]]
id = "refactor"
variant = "quick"
requested-version = "0.13.0"
resolved-version = "0.13.0"

[trait.digests]
source = "sha256:cbb912ab712dc7ae2c20d8014f9d56643b73d727a3f29f95d4526161203036ff"
canonical = "sha256:90495c607f4db0e7288a1ea1aafc6d418d7502542b5aa2a50d2b3ec1c99a1f21"
model-visible = "sha256:657d1b8c0a6fcabb343c4bd26d8832fba1ea2abb3fb9b5cfcf1bb37d980e9b7e"
resource-manifest = "sha256:928a1b76f1e2ece74a4cacdd98ecc77e203de05861b65ba277719f9d031646f5"

[[trait]]
id = "refactor"
variant = "smart"
requested-version = "0.11.0"
resolved-version = "0.11.0"

[trait.digests]
source = "sha256:c98f6f9999d9dda411c9c53539b93a3bf1d4db049662651c9603563963cc5846"
canonical = "sha256:81e6ea59cbfab7e1c1c65a78b88549247b4070f4bdade1459e9917ae8dbec887"
model-visible = "sha256:a29c5520218e78d6863000d11159f54eee14b14f4f2b61660e414c89413c1392"
resource-manifest = "sha256:15154d61f645de6365f0f6d20f37d204f271a28c47376e994c926bfe530b8d34"

[[trait]]
id = "refactor"
variant = "strict"
requested-version = "0.11.0"
resolved-version = "0.11.0"

[trait.digests]
source = "sha256:c26d72ae35b0d7ae04ffaf10b602b09988d2fa955c51ed425aab5d148436b658"
canonical = "sha256:f1ef310eb3f2e717442230bf939594d6c2dca419e9d214530ec9c87af3069d18"
model-visible = "sha256:1440b174bd5197724e61340f3e48d24e5aa8b250114d3fec367de15cf7956d07"
resource-manifest = "sha256:15154d61f645de6365f0f6d20f37d204f271a28c47376e994c926bfe530b8d34"
