[metadata]
schema-version = "0.1"
generated-by = "ctx traits sync"
generated-at = "not-recorded"

[[trait]]
id = "critique"
requested-version = "0.1.0"
resolved-version = "0.1.0"

[trait.digests]
source = "sha256:927851d71077f4a3a6dbc0d60f9be01899fdce23c8182b3dbd489271103816f2"
canonical = "sha256:1974a8dd707ff34a16a1d1bfa5019eed7f2dd27ed51985671dbafab4f80278a7"
model-visible = "sha256:ad194911e387dff5790ecc43242e2cf5d48c325a1059dc6b7eddc48947686c19"
resource-manifest = "sha256:f2d2cfff2d472cee8127389978de913c2591c5a9b27fd274b206be6c8ca805eb"

[[trait]]
id = "critique-trait"
requested-version = "0.1.0"
resolved-version = "0.1.0"

[trait.digests]
source = "sha256:422e85094b5e25fb9374b2398f1733f0ac893f2a6b8d626bfcb35974a6ae4eed"
canonical = "sha256:2f59ac4188392eb3846361b08419d3b95211f94b8d04b02d03bd53a14c1c5daf"
model-visible = "sha256:ad194911e387dff5790ecc43242e2cf5d48c325a1059dc6b7eddc48947686c19"
resource-manifest = "sha256:8f49b8c174a855d6b9ec0e3f6d16f5ce3511618ee3afe79438c86499ffed4a8e"

[[trait.export]]
target = "agent-skills"
path = ".agents/skills/critique-trait/SKILL.md"
digest = "sha256:8197dcad35c69dc3610263b3a54eedd99053776c5121acbdffb69897930ff58a"

[[dependency]]
alias = "spec"
id = "spec"
requested-version = "0.1.0"
resolved-version = "0.1.0"
vendored-path = ".ctx/traits/vendored/spec"

[dependency.source]
path = "../spec"

[dependency.digests]
source = "sha256:174ee5b3791207a09a286352423e6ccd4bc30eb1b7c992a2e6fab717acd070b4"
canonical = "sha256:7f4103abe0932c220aad45daab6f16a588587656cb05d4f3ef153bd11c7c2730"
model-visible = "sha256:fa29959334535f27eea37bf642482dd9457c79f07c7498fa4c69188088113bdf"
resource-manifest = "sha256:21a1bea7ad900b112b52cd04ea10e3b98fa6c50fd40b73798218fee995bc91c9"
