[metadata]
schema-version = "0.1"
generated-by = "ctx traits sync"
generated-at = "not-recorded"

[[trait]]
id = "plan"
variant = "complex"
requested-version = "0.4.0"
resolved-version = "0.4.0"

[trait.digests]
source = "sha256:53cca9b95b6d37825e7ffa2e603e1fb07d26229f2a5b295ff91f1c89e45c9709"
canonical = "sha256:03a93779d205b6e746d6d3fe26af6d84bea2910af1c71350dbb4208ea9b6f233"
model-visible = "sha256:3443c39931335c71392d7ef0540d1ea7ac1c2a1e9f3822c0fba7146d57e735af"
resource-manifest = "sha256:4515968ae8c73714738d7084f9673ee0aa32ddfb290a68d459dc4f57da7e776b"

[[trait.export]]
target = "agent-skills"
path = ".agents/skills/plan-complex/SKILL.md"
digest = "sha256:28a5355526a0696686250ab0639480f814a818ec42ea4e94eabfa584311a3267"

[[trait]]
id = "plan"
variant = "default"
requested-version = "0.4.0"
resolved-version = "0.4.0"

[trait.digests]
source = "sha256:7b8d8a4288c521b7c984eb53a8b13a50ce6f54aae33c76e879f58c6a450aa4d9"
canonical = "sha256:7e6abd6f8e0c999f30dd40c2d06fd8f0c41d903b4bd0c65dd2dbb0a361a61946"
model-visible = "sha256:547ec023e046511ae761d5c94b2335870a663de73d3daf9b5bb6e8af76d91abb"
resource-manifest = "sha256:4515968ae8c73714738d7084f9673ee0aa32ddfb290a68d459dc4f57da7e776b"

[[trait.export]]
target = "agent-skills"
path = ".agents/skills/plan-default/SKILL.md"
digest = "sha256:a45ed6201682e7f06b8f145f32527fa238a0b4879557d2267129c95cb25f4722"

[[trait]]
id = "plan"
variant = "direct"
requested-version = "0.4.0"
resolved-version = "0.4.0"

[trait.digests]
source = "sha256:62fc38de3c87096b49f465052bd31001124721d02e7cfd63572e7c09a0a9a6a6"
canonical = "sha256:143704ae765e03f1ad1e7d6591e3e7f6303767dc7eb79fc272555d54180407e3"
model-visible = "sha256:a2ebf2f7bf5f90c7e9495120ab2b932ddac5138e48c82315d147acaf4fbea3f8"
resource-manifest = "sha256:4515968ae8c73714738d7084f9673ee0aa32ddfb290a68d459dc4f57da7e776b"

[[trait.export]]
target = "agent-skills"
path = ".agents/skills/plan-direct/SKILL.md"
digest = "sha256:00ee8ac77b9fb4e0299ad944cf7d2a74a2f8b370bafde1b83713748453cc7011"

[[trait]]
id = "plan"
variant = "quick"
requested-version = "0.4.0"
resolved-version = "0.4.0"

[trait.digests]
source = "sha256:a950068c3d764899a2dcea4957ee09d958ce0b7573e2ca6cae8cc5a5d6256d72"
canonical = "sha256:6d0c22aed3ec838753a227c62acbb39f4437946bf80b86cb32062caea9269243"
model-visible = "sha256:d08dd0845d6384eded03c947a9653ec8d53307c3c0dd9d586c9051b003f28c51"
resource-manifest = "sha256:4515968ae8c73714738d7084f9673ee0aa32ddfb290a68d459dc4f57da7e776b"

[[trait.export]]
target = "agent-skills"
path = ".agents/skills/plan-quick/SKILL.md"
digest = "sha256:9d7d9b95560c89ecc5d1745c6e0ec9d6383a7e3dc1d89a9d5dcb1408d850603f"
