[metadata]
schema-version = "0.1"
generated-by = "ctx traits sync"
generated-at = "not-recorded"

[[trait]]
id = "plan"
variant = "complex"
requested-version = "0.4.0"
resolved-version = "0.4.0"

[trait.digests]
source = "sha256:cfeaa2eea56dbb2d4fe50e3d00e9dfc319c7625c252929b48b900f2bd5f8ff48"
canonical = "sha256:94c8efe5b3f66c56a8eec9190bc60ab14dd6c832060f63e16255bf2178776ac5"
model-visible = "sha256:487c0e11de9ce681b174ea69ee3354fb2a59c62ba9ac0b0bf02ff2fa2d84e755"
resource-manifest = "sha256:4515968ae8c73714738d7084f9673ee0aa32ddfb290a68d459dc4f57da7e776b"

[[trait.export]]
target = "agent-skills"
path = ".agents/skills/plan-complex/SKILL.md"
digest = "sha256:28a5355526a0696686250ab0639480f814a818ec42ea4e94eabfa584311a3267"

[[trait]]
id = "plan"
variant = "default"
requested-version = "0.4.0"
resolved-version = "0.4.0"

[trait.digests]
source = "sha256:7274791cc49075bd598669ce3cb52422d9455a414595dd8c56af02192646c392"
canonical = "sha256:3307a9c74c22a6413a2c0bf22d3fc29cffeda9a851ae84b4a195097424ec2c1e"
model-visible = "sha256:2e5a96d0bc48458c946f67c20008073ae613f124b9b9596594cc7615f5139d85"
resource-manifest = "sha256:4515968ae8c73714738d7084f9673ee0aa32ddfb290a68d459dc4f57da7e776b"

[[trait.export]]
target = "agent-skills"
path = ".agents/skills/plan-default/SKILL.md"
digest = "sha256:db27e9c3ab3fcfbabb7fdbb52f18360b852dac0018c435b26dac868dadc7a6b7"

[[trait.projection]]
target-profile = "agent-skills"
renderer-version = "0.1.0-alpha.1"
profile-version = "agent-skills"

[trait.projection.digests]
source = "sha256:10d2f74de26258fa74dcff1b69a3eb6e77ccfcdd555f86582d7ed1894ee89346"
canonical = "sha256:9b383a736d59ed8880481d6a506fd776ed30a921dbcfd49c00f6e0f1eeb395d3"
model-visible = "sha256:1ffae6eb8b69168a568d53b600c9278cea3b17fbd9d1c3ffb582ed3d80e05350"
render = "sha256:1a30399fd45dcc8547286a66381ce673c50e40ec7449fd7ecb7346ef31536efa"
generated-markdown = "sha256:db27e9c3ab3fcfbabb7fdbb52f18360b852dac0018c435b26dac868dadc7a6b7"

[trait.projection.warnings]
semantic-loss = ["agent: agent-skills static render cannot enforce multi-agent frame routing; ctx runtime assignments and caller identity are required"]
advisory-policy = [
    "port.written-files output contract has no title",
    "port.written-files output contract has no format guidance",
]

[trait.projection.static-output]
drift-status = "in-sync"
path = "./.agents/skills/plan-default/SKILL.md"

[trait.projection.provenance]
command = "ctx traits export --update-skill-lock"
profile = "agent-skills"
options = ["--profile=agent-skills"]

[[trait]]
id = "plan"
variant = "direct"
requested-version = "0.4.0"
resolved-version = "0.4.0"

[trait.digests]
source = "sha256:2edfeb6812f58ee45802501a0607f9a215b425325ee36bc29a0917129db4fe01"
canonical = "sha256:8cc8d6be7e8c3fbeb50db80805d9f2051142d159484e90410d93d228d1cf28f1"
model-visible = "sha256:75e333ecd875868aa20c8ac5195ed6e4af69ab62f3f90f85ecff47a29140d50b"
resource-manifest = "sha256:4515968ae8c73714738d7084f9673ee0aa32ddfb290a68d459dc4f57da7e776b"

[[trait.export]]
target = "agent-skills"
path = ".agents/skills/plan-direct/SKILL.md"
digest = "sha256:00ee8ac77b9fb4e0299ad944cf7d2a74a2f8b370bafde1b83713748453cc7011"

[[trait]]
id = "plan"
variant = "quick"
requested-version = "0.4.0"
resolved-version = "0.4.0"

[trait.digests]
source = "sha256:90e805de89df23c5772002b0df33cbf54f6785e1c9706199fdf8afd867913d46"
canonical = "sha256:1e66d69588e600110248dcd2c548e007dc5f9d29b253e03080f3efdb4edb143f"
model-visible = "sha256:c7e9737af8b6911bd33897a05d3c2b8fd65e75a2ea96071b14d38ffc1f38162d"
resource-manifest = "sha256:4515968ae8c73714738d7084f9673ee0aa32ddfb290a68d459dc4f57da7e776b"

[[trait.export]]
target = "agent-skills"
path = ".agents/skills/plan-quick/SKILL.md"
digest = "sha256:9d7d9b95560c89ecc5d1745c6e0ec9d6383a7e3dc1d89a9d5dcb1408d850603f"
