[metadata]
schema-version = "0.1"
generated-by = "ctx traits sync"
generated-at = "not-recorded"

[[trait]]
id = "implement-phase"
requested-version = "0.1.0"
resolved-version = "0.1.0"

[trait.digests]
source = "sha256:732af3233c59feb449ca1760d7082276a32f8b4fd128c70a992cde5b705ab74b"
canonical = "sha256:21d3f5a749ee912a8323fe41b279c0c1d7216f7111ad21d7cd73d1691f1d3159"
model-visible = "sha256:d034ab59dfea9f40d97eff599a06a968ff8544b74a66c0892f3b791822ada875"
resource-manifest = "sha256:e6fb206988c4e0a6df7fef317253a2097d327203f40b7f34b3d04f5a4ffc1e43"
