[metadata]
schema-version = "0.1"
generated-by = "ctx traits sync"
generated-at = "not-recorded"

[[trait]]
id = "refactor"
variant = "default"
requested-version = "0.8.0"
resolved-version = "0.8.0"

[trait.digests]
source = "sha256:7f2d19fae86595f5f07b4d5e553811667c750ed03af4679057805f4ecaa45d3f"
canonical = "sha256:7bc413daa276c6a0e108ea428819b176b81cfba64c1a2fa0f1ca8e4755ff3aad"
model-visible = "sha256:b490defa22f93f9d0a7bc998834806eb5bb491eef4c361f9c4dab7d02c2ed9f5"
resource-manifest = "sha256:15154d61f645de6365f0f6d20f37d204f271a28c47376e994c926bfe530b8d34"

[[trait.export]]
target = "agent-skills"
path = ".agents/skills/refactor-default/SKILL.md"
digest = "sha256:ca5ba9d975d2fe51c54dd5d1eb9ee037c5750527dabd5801451f0371fde95551"

[[trait]]
id = "refactor"
variant = "direct"
requested-version = "0.8.0"
resolved-version = "0.8.0"

[trait.digests]
source = "sha256:c5a2de943b5568857bfaa2d4ee9a01f68ffb3a34080f466b77f363e1a730afc5"
canonical = "sha256:130778f693cb29c275983505841c644a7341abae5f21fdb0d03ebe90c714df00"
model-visible = "sha256:febace8181920e7d6f14748d643dd05ce5d7418bb19fa248036b5036fa12e01b"
resource-manifest = "sha256:d44252c6cf774f41cb7c7b1bd6a190ee1ea26702ef46cfa328fa0d8887fa4f51"

[[trait.export]]
target = "agent-skills"
path = ".agents/skills/refactor-direct/SKILL.md"
digest = "sha256:f475494b19ed36ef5d4d2334071481a61833d41d51ed908fd9409b2b93c3012d"

[[trait]]
id = "refactor"
variant = "quick"
requested-version = "0.8.0"
resolved-version = "0.8.0"

[trait.digests]
source = "sha256:93fd616cc35190fc58a17ba7ce8482de7bd8073b8dd2add3f008ea43baf001f2"
canonical = "sha256:b8bf9839c83634f2ef96a031221f66c795deea14448d1bd58f490d1877f8f1f6"
model-visible = "sha256:b145655adc30bfed5ca268fb1dfd3afb795e8646b24b56037f8a429b53c530d3"
resource-manifest = "sha256:c956ac15dfaccccebb42afd76233cb86089e9744a5ad02f11187ddae754f475d"

[[trait.export]]
target = "agent-skills"
path = ".agents/skills/refactor-quick/SKILL.md"
digest = "sha256:0d5bb1912b8dfbe6ec4a339baa110eda2b62d192b267ed72ea73962c4ec0583a"

[[trait]]
id = "refactor"
variant = "smart"
requested-version = "0.8.0"
resolved-version = "0.8.0"

[trait.digests]
source = "sha256:d37e04c352f93c037e5e529648c3ba1476e513249e7fc20637c1db67451797f7"
canonical = "sha256:3634527e52032980b70c9848acea0e4a3240f6bafe0087ef01bf6a090e0a367c"
model-visible = "sha256:3b47a90dd7ce98a7c7e4eed38f3804711a943322603d0ccdfe744c3b88186779"
resource-manifest = "sha256:15154d61f645de6365f0f6d20f37d204f271a28c47376e994c926bfe530b8d34"

[[trait.export]]
target = "agent-skills"
path = ".agents/skills/refactor-smart/SKILL.md"
digest = "sha256:ea944b857b7c2bf05815f645f7fcd5f316cbba097aa21935d205c248f6e0c7db"

[[trait]]
id = "refactor"
variant = "strict"
requested-version = "0.8.0"
resolved-version = "0.8.0"

[trait.digests]
source = "sha256:f5a8612a52efc768ba0f722caed68e14d0852e01e06ed5149570b2938de396d4"
canonical = "sha256:2fb9077457a0c0ab4e1449e2cdcb957147971a0a835646a3b0557f9ce2ab0229"
model-visible = "sha256:0cca3313b8ac286e1dd4920bc810933e2b258bd776b5317ef976b257f49f2785"
resource-manifest = "sha256:15154d61f645de6365f0f6d20f37d204f271a28c47376e994c926bfe530b8d34"

[[trait.export]]
target = "agent-skills"
path = ".agents/skills/refactor-strict/SKILL.md"
digest = "sha256:321378d866ad7f400d4b90df0f3a8fa6b9890398d299f8027e788935d5eba45b"
