[metadata]
schema-version = "0.1"
generated-by = "ctx traits sync"
generated-at = "not-recorded"

[[trait]]
id = "refactor"
variant = "default"
requested-version = "0.9.0"
resolved-version = "0.9.0"

[trait.digests]
source = "sha256:bdf99616da0b754c7c3e9f1a90e017d56cf3e162ca6d3a63f83a7f1402ce01de"
canonical = "sha256:a3a57ab4d4d6b58e526d2d9d99a5e7f350a7eca2e3a3935377a71736f67b0807"
model-visible = "sha256:85740cdfaedb5093b38f6ac679c0461c273192d87b5c11a1d14625242400d9b0"
resource-manifest = "sha256:15154d61f645de6365f0f6d20f37d204f271a28c47376e994c926bfe530b8d34"

[[trait.export]]
target = "agent-skills"
path = ".agents/skills/refactor-default/SKILL.md"
digest = "sha256:cca58331c4a633a58e06254d478c92ee6d0767f99da3fe033a15792c86ecbc24"

[[trait.projection]]
target-profile = "agent-skills"
renderer-version = "0.1.0-alpha.1"
profile-version = "agent-skills"

[trait.projection.digests]
source = "sha256:cb2a8727d6a3f1a9cd643a1f533742365f072833e1b992d08dc334f2aaddc9d6"
canonical = "sha256:3f8b4b8085f03482a2f180eeade87ee2c7b048f2f5d0bad697d21d38e65147eb"
model-visible = "sha256:8febe545f2e70df55f78f560169f0e2867ccfee8d64a4f2070ac38741231d384"
render = "sha256:a16e35563a49e3bc5a0471de1c0d4c23ed18aaf24054775683e38b60105388a5"
generated-markdown = "sha256:cca58331c4a633a58e06254d478c92ee6d0767f99da3fe033a15792c86ecbc24"

[trait.projection.warnings]
semantic-loss = ["agent: agent-skills static render cannot enforce multi-agent frame routing; ctx runtime assignments and caller identity are required"]
advisory-policy = [
    "port.commit-report output contract has no title",
    "port.commit-report output contract has no format guidance",
]

[trait.projection.static-output]
drift-status = "in-sync"
path = "./.agents/skills/refactor-default/SKILL.md"

[trait.projection.provenance]
command = "ctx traits export --update-skill-lock"
profile = "agent-skills"
options = ["--profile=agent-skills"]

[[trait]]
id = "refactor"
variant = "direct"
requested-version = "0.9.0"
resolved-version = "0.9.0"

[trait.digests]
source = "sha256:fcd2a298d6e19e09bafd124cdaed776bf797d2d71637518687c25bf297b9cf45"
canonical = "sha256:9c525df4e8a52a0e27c010427569476712486ed066798115ccda2909993f91b4"
model-visible = "sha256:60acd44385c90bfdd05eaef094512c34e744a963e41bd1f641c0c4008619e828"
resource-manifest = "sha256:d44252c6cf774f41cb7c7b1bd6a190ee1ea26702ef46cfa328fa0d8887fa4f51"

[[trait.export]]
target = "agent-skills"
path = ".agents/skills/refactor-direct/SKILL.md"
digest = "sha256:f475494b19ed36ef5d4d2334071481a61833d41d51ed908fd9409b2b93c3012d"

[[trait]]
id = "refactor"
variant = "quick"
requested-version = "0.9.0"
resolved-version = "0.9.0"

[trait.digests]
source = "sha256:33a35910858eb39954040438b6619913580dfa521ebb80a1ee18fbec3491b99e"
canonical = "sha256:9642db803f25c7ef40464dc933679bd7487498fc27770c774f37218fa98a6e47"
model-visible = "sha256:19b2ce1a01af4a396e45c9c957372bb5a6a1efa3909ce85947e8007b7d1b7d18"
resource-manifest = "sha256:c956ac15dfaccccebb42afd76233cb86089e9744a5ad02f11187ddae754f475d"

[[trait.export]]
target = "agent-skills"
path = ".agents/skills/refactor-quick/SKILL.md"
digest = "sha256:0d5bb1912b8dfbe6ec4a339baa110eda2b62d192b267ed72ea73962c4ec0583a"

[[trait]]
id = "refactor"
variant = "smart"
requested-version = "0.9.0"
resolved-version = "0.9.0"

[trait.digests]
source = "sha256:f86addddc832fc0799b6c9f1bc4628cb5fadcba1ecb80a2b5bfe2947f4303c83"
canonical = "sha256:0d26988288e41fc6cdfb8c46c0d7a7e26acbc8191812af5bdc56ab620643860d"
model-visible = "sha256:d9b19f1dad1a71598c61ab302829f8ba69b08eba8e7409217f50657f13f266f5"
resource-manifest = "sha256:15154d61f645de6365f0f6d20f37d204f271a28c47376e994c926bfe530b8d34"

[[trait.export]]
target = "agent-skills"
path = ".agents/skills/refactor-smart/SKILL.md"
digest = "sha256:ea944b857b7c2bf05815f645f7fcd5f316cbba097aa21935d205c248f6e0c7db"

[[trait]]
id = "refactor"
variant = "strict"
requested-version = "0.9.0"
resolved-version = "0.9.0"

[trait.digests]
source = "sha256:e3675220419e6743035047f77579c52e81e835ffb4e3707fb3fae5ec39169cae"
canonical = "sha256:fc02883f07811364d9b758b4c7d34f713b013bcc0fb863a492e4fd2ecd80c26e"
model-visible = "sha256:612ce38f8bdb735ff7890ed854961b9a8a9971421763347f2be47830d9d6e18f"
resource-manifest = "sha256:15154d61f645de6365f0f6d20f37d204f271a28c47376e994c926bfe530b8d34"

[[trait.export]]
target = "agent-skills"
path = ".agents/skills/refactor-strict/SKILL.md"
digest = "sha256:321378d866ad7f400d4b90df0f3a8fa6b9890398d299f8027e788935d5eba45b"
