[metadata]
schema-version = "0.1"
generated-by = "ctx traits sync"
generated-at = "not-recorded"

[[trait]]
id = "refine"
requested-version = "0.1.0"
resolved-version = "0.1.0"

[trait.digests]
source = "sha256:cccec9627046ec5c2cacdb270ff78dd29186902917aac97e36173914604b965d"
canonical = "sha256:f154998795f60bb552fea649fe3212b88ef73ab60818c20745322ee3504fbd90"
model-visible = "sha256:8af59ab890c3073665d886235d280640c5b6be3a723e60ec4aa41bad0918f914"
resource-manifest = "sha256:bc1f21b424ec48e0cbb7cfb2d00ceb004312249c861cafebd9ec9f6a851833cb"

[[trait]]
id = "refine-trait"
requested-version = "0.1.0"
resolved-version = "0.1.0"

[trait.digests]
source = "sha256:734efed21e95c25cbc12c6068fe05f4261ac9f82f2defabcc92a4834346533fa"
canonical = "sha256:025eb31abd168ea2f4c6f205669bf320395a98c6182c8c2be002bd2aaa1655d3"
model-visible = "sha256:9282f0ac9a1665ad55118553073a8d4710a25fb11842a24dc0d8a375c8b438f2"
resource-manifest = "sha256:0731b048dcaa81ce5f6d569d2c9902ff64f52f3d250730d6c3ccf983851621a6"

[[trait.export]]
target = "agent-skills"
path = ".agents/skills/refine-trait/SKILL.md"
digest = "sha256:0eb29f300770d77feae12ad3cba3a97c8185612324125c77f6dd7f6642d9aab0"

[[dependency]]
alias = "spec"
id = "spec"
requested-version = "0.1.0"
resolved-version = "0.1.0"
vendored-path = ".ctx/traits/vendored/spec"

[dependency.source]
path = "../../shared/spec"

[dependency.digests]
source = "sha256:448f90d9d4a7720b23b1c2f9cd00e568282e2338cd034b037ee73e4591d17218"
canonical = "sha256:52d4cbba0447f2e94bac9603e1db63e6f1bdf2570297e8190484fddbcff774a7"
model-visible = "sha256:fa29959334535f27eea37bf642482dd9457c79f07c7498fa4c69188088113bdf"
resource-manifest = "sha256:21a1bea7ad900b112b52cd04ea10e3b98fa6c50fd40b73798218fee995bc91c9"
