[metadata]
schema-version = "0.1"
generated-by = "ctx traits sync"
generated-at = "not-recorded"

[[trait]]
id = "pr-description"
requested-version = "0.1.0"
resolved-version = "0.1.0"

[trait.digests]
source = "sha256:db7e841c92a5b91347eaa1105a9d8f158074c83e2c0301a89fd8f2f85bcc9384"
canonical = "sha256:0173357be821c0220624da7bc6968e923320e3e72e15e5f77a86c34accbc095a"
model-visible = "sha256:065a165f938b1c58323385d3d36e9700bafe675f56904409099db9800102010a"
resource-manifest = "sha256:c830c3062838093f51b0090060eda48ef95779ae7492c9971541a2e734a474f4"
