[metadata]
schema-version = "0.1"
generated-by = "ctx traits sync"
generated-at = "not-recorded"

[[trait]]
id = "guarded-change"
requested-version = "0.1.0"
resolved-version = "0.1.0"

[trait.digests]
source = "sha256:fc0d28295a8a0e495f358b6d297f23eebd8635baf92991fcef8bfded38ae9325"
canonical = "sha256:7fa59d5dd76700910b111ffdedf045b13fce24f4a7148caa9865f81ae71b3814"
model-visible = "sha256:e43a4fb4cfcdc59f510e0ee0b5bea67c4d32800d88117f0e6f04c43f02e8c991"
resource-manifest = "sha256:899865b77ab5937969e67a27489eac2c5b0d75dc36861e724bc32102536fc608"

[[trait.export]]
target = "agent-skills"
path = ".agents/skills/guarded-change/SKILL.md"
digest = "sha256:bc45791eb3264d2f8054398d2f9210f56ba2983e9b653020c7f078b5b3d90fcd"

[[trait.projection]]
target-profile = "agent-skills"
renderer-version = "0.1.0"
profile-version = "agent-skills"

[trait.projection.digests]
source = "sha256:c495f345bbd08df7a6a88473165ac60bcb4ecc37fd0871f71b127822d3e0d63d"
canonical = "sha256:2fb07dcb2ee796b99781de3dd5301efaea9b371f3cd701395e548c1170e8e0a5"
model-visible = "sha256:a61d963baf0850c32971237566410f17ec3de18d6e056bd606d46427eee3dd40"
render = "sha256:6a76bf9d64bea6997b70332e79202eadc908da4c3d9a811b42140088c6f2d098"
generated-markdown = "sha256:bc45791eb3264d2f8054398d2f9210f56ba2983e9b653020c7f078b5b3d90fcd"

[trait.projection.warnings]
semantic-loss = ["agent: agent-skills static render cannot enforce multi-agent frame routing; ctx runtime assignments and caller identity are required"]
advisory-policy = [
    "port.commit-report output contract has no title",
    "port.commit-report output contract has no format guidance",
]

[trait.projection.static-output]
drift-status = "in-sync"
path = "./.agents/skills/guarded-change/SKILL.md"

[trait.projection.provenance]
command = "ctx traits export --update-skill-lock"
profile = "agent-skills"
options = ["--profile=agent-skills"]

[[dependency]]
alias = "engineering-standards"
id = "engineering-standards"
requested-version = "0.1.0"
resolved-version = "0.1.0"
vendored-path = ".ctx/traits/vendor/engineering-standards"

[dependency.source]
path = "../engineering-standards"

[dependency.digests]
source = "sha256:9ecbef84b6a215253f47f3b126ae5ef894ca0115aa92fab37614eb2ed82fd8f5"
canonical = "sha256:128992934ccd552f88adf4c997f51491efd1bbf17d1622d72b5fb4fec99e565e"
model-visible = "sha256:acc094cff5e810831f084d2af69dbd3eaea2869b70cc1979907985fa8127b0b4"
resource-manifest = "sha256:a9281be164eb8fdedcc1a6208285c48d25de94daa08dce86acf26bf704250c80"
