[metadata]
schema-version = "0.1"
generated-by = "ctx traits sync"
generated-at = "not-recorded"

[[trait]]
id = "generate-trait"
requested-version = "0.1.0"
resolved-version = "0.1.0"

[trait.digests]
source = "sha256:67be1385c9bd0ff167da18363bac3b6e9427f4fc575cb211ef3e7afdc3ff6938"
canonical = "sha256:a98e1558be15a22e0bf033701253498d3c538e1fb3c654a3d3524fc63c75f9b6"
model-visible = "sha256:499b5e4c6b66f18ec0badab48849e1b18f8e21adb86475a3095c535c8329b39b"
resource-manifest = "sha256:de671b72dc4289a72b370132d9e1f5c2ab377ffaef0cfe67506222f1d6417898"

[[trait.export]]
target = "agent-skills"
path = ".agents/skills/generate-trait/SKILL.md"
digest = "sha256:78bb6ed0812136955f245d7ae7d218052fa84b5323dbf9e5c0c10b53c6d528e2"

[[trait.projection]]
target-profile = "agent-skills"
renderer-version = "0.1.0-alpha.1"
profile-version = "agent-skills"

[trait.projection.digests]
source = "sha256:b293286f4c26af29ce5f85a8ddfb29ead082f5f6df6aa2ddeb7d4b530f80db3d"
canonical = "sha256:f017195c42f6acca34fa60b63f975c3167c7f199ee42b0d115939863e7a03fdb"
model-visible = "sha256:5641ad052be4280cdfcdc166029cb6610fd1117a718a264a98412411f9d94f57"
render = "sha256:538653ba14efd217210efddb93b69eac3e218a052852cbf97638b6b5aa49ea57"
generated-markdown = "sha256:78bb6ed0812136955f245d7ae7d218052fa84b5323dbf9e5c0c10b53c6d528e2"

[trait.projection.warnings]
semantic-loss = ["agent: agent-skills static render cannot enforce multi-agent frame routing; ctx runtime assignments and caller identity are required"]
advisory-policy = [
    "port.result output contract has no title",
    "port.result output contract has no format guidance",
    "port.trait-id.description: replaced shell-substitution markers in model-visible text (2)",
]

[trait.projection.static-output]
drift-status = "in-sync"
path = ".agents/skills/generate-trait/SKILL.md"

[trait.projection.provenance]
command = "ctx traits export --update-skill-lock"
profile = "agent-skills"
options = ["--profile=agent-skills"]

[[dependency]]
alias = "trait-spec"
id = "trait-spec"
requested-version = "0.1.0"
resolved-version = "0.1.0"
vendored-path = ".ctx/traits/vendor/trait-spec"

[dependency.source]
path = "../trait-spec"

[dependency.digests]
source = "sha256:2e679fed106ad0d7ba791d5a88b74a03d48c1cf84fe0d8786fbc971689db7f59"
canonical = "sha256:6b6dabf47b2ff4f583405fca4e6a4cf87fea7aa8efa6b7298e28a15e126b3ff7"
model-visible = "sha256:1737c78e8849cda8d8c71fb6ada2c9c3f8e1ec136bc8929bb883a6895eb6975f"
resource-manifest = "sha256:34f8dde496301953f0ccb24af4b471284d8c78c063f58fdaad990cbc23b866f4"
