[metadata]
schema-version = "0.1"
generated-by = "ctx traits sync"
generated-at = "not-recorded"

[[trait]]
id = "plan"
variant = "complex"
requested-version = "0.5.0"
resolved-version = "0.5.0"

[trait.digests]
source = "sha256:76f376e94bd8855fe610543e2e19106cd12ff8b99b04ebdd35b105beb6700f27"
canonical = "sha256:58c34f14d86e1f0e1813fec92212b3c8facff5bfb2ce3346a302e4da98dd47c8"
model-visible = "sha256:4db9349363d5b4195af81824f716c3da04147bbd1b09337b5caf28ede459d1c8"
resource-manifest = "sha256:4515968ae8c73714738d7084f9673ee0aa32ddfb290a68d459dc4f57da7e776b"

[[trait]]
id = "plan"
variant = "default"
requested-version = "0.5.0"
resolved-version = "0.5.0"

[trait.digests]
source = "sha256:4e4df4225bbaf348d3861b3c6d1a2d68db33aad982b87ada7319730dfad0682e"
canonical = "sha256:62e0196e6013216cf09d56694e4e41fd3a49b564690f3b27ea940f3a45adb526"
model-visible = "sha256:929d3bcd14b2721af1fec0df8e9bd99989ca9ce04c00ed92e8cdc5d0672f0971"
resource-manifest = "sha256:4515968ae8c73714738d7084f9673ee0aa32ddfb290a68d459dc4f57da7e776b"

[[trait]]
id = "plan"
variant = "direct"
requested-version = "0.5.0"
resolved-version = "0.5.0"

[trait.digests]
source = "sha256:b7396a5377d4106760ab3c36823b7c3940f5daede8af9c286c54c2f9efc7c488"
canonical = "sha256:edfb39397abfa040d2100bc706e42bb843f587573d14dd7875d4200f21caa722"
model-visible = "sha256:71a27e2a3e11ede9cc64e6fbcad0a380dd12f91a6148f83882698be495f8b28a"
resource-manifest = "sha256:4515968ae8c73714738d7084f9673ee0aa32ddfb290a68d459dc4f57da7e776b"

[[trait]]
id = "plan"
variant = "quick"
requested-version = "0.5.0"
resolved-version = "0.5.0"

[trait.digests]
source = "sha256:4959da9c5f1571eefe767f44d6c771ca9c52f8c8818e836a96666a0529752191"
canonical = "sha256:90f8581e1138db7e9c9de3395b225a86bd798658f8551a2eea85188b698b33d7"
model-visible = "sha256:edcf45f9d7ecc254c4a9bf78688345b7537e3a8e62d25b81b2e6f15a2baac828"
resource-manifest = "sha256:4515968ae8c73714738d7084f9673ee0aa32ddfb290a68d459dc4f57da7e776b"
