[metadata]
schema-version = "0.1"
generated-by = "ctx traits sync"
generated-at = "not-recorded"

[[trait]]
id = "plan"
variant = "complex"
requested-version = "0.5.0"
resolved-version = "0.5.0"

[trait.digests]
source = "sha256:abaedb4abd45ef3904f19263ffdc54b432e35fd0db1370f30a1a83f899fc5a90"
canonical = "sha256:db715a604ed9b1d204615d0790506f9fec2c526947489458681fe756261538ce"
model-visible = "sha256:824f4b705ad9b6c11d84092cd75b6a8c42f0ff5fb9314497ab51f778e1e9b224"
resource-manifest = "sha256:4515968ae8c73714738d7084f9673ee0aa32ddfb290a68d459dc4f57da7e776b"

[[trait]]
id = "plan"
variant = "default"
requested-version = "0.5.0"
resolved-version = "0.5.0"

[trait.digests]
source = "sha256:b250d03899092dab4b81cf499588fd2893bb415a4cd2607b8e29b20fce51929c"
canonical = "sha256:4ab4978947c472509afddf164c56f0f69a3f84fe6852b93272002eb17920eabe"
model-visible = "sha256:17555ffed87e0113b120c11a556f98d45e39f692b2ce97012749daa63ba39028"
resource-manifest = "sha256:4515968ae8c73714738d7084f9673ee0aa32ddfb290a68d459dc4f57da7e776b"

[[trait.export]]
target = "agent-skills"
path = ".agents/skills/plan-default/SKILL.md"
digest = "sha256:9a854b16d6cc340d9591a06e2cd4d228b9abaf255b782fd843c11c3c68f53970"

[[trait.projection]]
target-profile = "agent-skills"
renderer-version = "0.2.4"
profile-version = "agent-skills"

[trait.projection.digests]
source = "sha256:b250d03899092dab4b81cf499588fd2893bb415a4cd2607b8e29b20fce51929c"
canonical = "sha256:4ab4978947c472509afddf164c56f0f69a3f84fe6852b93272002eb17920eabe"
model-visible = "sha256:17555ffed87e0113b120c11a556f98d45e39f692b2ce97012749daa63ba39028"
render = "sha256:aa464aa167a3cab3efb15c1f78d0dfc941e882f7dfe2762c80e35e1f55cf21ae"
generated-markdown = "sha256:9a854b16d6cc340d9591a06e2cd4d228b9abaf255b782fd843c11c3c68f53970"

[trait.projection.warnings]
semantic-loss = ["agent: agent-skills static render cannot enforce multi-agent frame routing; ctx runtime assignments and caller identity are required"]
advisory-policy = ["port.written-files output contract has no format guidance"]

[trait.projection.static-output]
drift-status = "in-sync"
path = "./.agents/skills/plan-default/SKILL.md"

[trait.projection.provenance]
command = "ctx traits export --update-skill-lock"
profile = "agent-skills"
options = ["--profile=agent-skills"]

[[trait]]
id = "plan"
variant = "direct"
requested-version = "0.5.0"
resolved-version = "0.5.0"

[trait.digests]
source = "sha256:6c340ee334ff63d95513045015cf639f10b04207141e3c23cef81d6bef617a52"
canonical = "sha256:691be549c08d48bfd9c0fe729c4979346cbe4f6ceadad4cba03cf4a0762a59ed"
model-visible = "sha256:5d0a122752146b504f9fc7491e36949bd7a0bf9f715d8a4eb72b4ee027b01d03"
resource-manifest = "sha256:4515968ae8c73714738d7084f9673ee0aa32ddfb290a68d459dc4f57da7e776b"

[[trait]]
id = "plan"
variant = "quick"
requested-version = "0.5.0"
resolved-version = "0.5.0"

[trait.digests]
source = "sha256:236a5e36ec277109bad01a7f44a4f9c28e7a6e069ebfa92a6948a16c70e7c9a4"
canonical = "sha256:af7e8448d5ad1fb7f9bb510ecb76fed5fa66cdff9dcc51fdb06893494678dd15"
model-visible = "sha256:c1b1db31544912b87088c8cd1f574f1a644cca6bc6366d9494c06c00b1e5601e"
resource-manifest = "sha256:4515968ae8c73714738d7084f9673ee0aa32ddfb290a68d459dc4f57da7e776b"
