[metadata]
schema-version = "0.1"
generated-by = "ctx traits sync"
generated-at = "not-recorded"

[[trait]]
id = "plan"
variant = "complex"
requested-version = "0.5.0"
resolved-version = "0.5.0"

[trait.digests]
source = "sha256:76f376e94bd8855fe610543e2e19106cd12ff8b99b04ebdd35b105beb6700f27"
canonical = "sha256:58c34f14d86e1f0e1813fec92212b3c8facff5bfb2ce3346a302e4da98dd47c8"
model-visible = "sha256:871749fa52680bb978a89c89025bcfde95d133100133d868aa8791758bbd2f8c"
resource-manifest = "sha256:4515968ae8c73714738d7084f9673ee0aa32ddfb290a68d459dc4f57da7e776b"

[[trait.export]]
target = "agent-skills"
path = ".agents/skills/plan-complex/SKILL.md"
digest = "sha256:28a5355526a0696686250ab0639480f814a818ec42ea4e94eabfa584311a3267"

[[trait]]
id = "plan"
variant = "default"
requested-version = "0.5.0"
resolved-version = "0.5.0"

[trait.digests]
source = "sha256:4e4df4225bbaf348d3861b3c6d1a2d68db33aad982b87ada7319730dfad0682e"
canonical = "sha256:62e0196e6013216cf09d56694e4e41fd3a49b564690f3b27ea940f3a45adb526"
model-visible = "sha256:5dbbab2f00afbbdfbd4dade6ac2d78126bc8461098ab876ee56907007e2fe8ec"
resource-manifest = "sha256:4515968ae8c73714738d7084f9673ee0aa32ddfb290a68d459dc4f57da7e776b"

[[trait.export]]
target = "agent-skills"
path = ".agents/skills/plan-default/SKILL.md"
digest = "sha256:aed0f509366a9ec2ea20f5b5ee73c25c261594781a2dc6b2abcdb0be05065a88"

[[trait.projection]]
target-profile = "agent-skills"
renderer-version = "0.2.4"
profile-version = "agent-skills"

[trait.projection.digests]
source = "sha256:4e4df4225bbaf348d3861b3c6d1a2d68db33aad982b87ada7319730dfad0682e"
canonical = "sha256:62e0196e6013216cf09d56694e4e41fd3a49b564690f3b27ea940f3a45adb526"
model-visible = "sha256:216602f6c5d7c0049a2a9290e70adc7b0dc2ddbe9198f412fee7d9ee3b584652"
render = "sha256:6b652950dad15b23dbe3ad78a2b716f44c2a6accd6f542b972ac0d08b70198d5"
generated-markdown = "sha256:aed0f509366a9ec2ea20f5b5ee73c25c261594781a2dc6b2abcdb0be05065a88"

[trait.projection.warnings]
semantic-loss = ["agent: agent-skills static render cannot enforce multi-agent frame routing; ctx runtime assignments and caller identity are required"]

[trait.projection.static-output]
drift-status = "in-sync"
path = "./.agents/skills/plan-default/SKILL.md"

[trait.projection.provenance]
command = "ctx traits export --update-skill-lock"
profile = "agent-skills"
options = ["--profile=agent-skills"]

[[trait]]
id = "plan"
variant = "direct"
requested-version = "0.5.0"
resolved-version = "0.5.0"

[trait.digests]
source = "sha256:b7396a5377d4106760ab3c36823b7c3940f5daede8af9c286c54c2f9efc7c488"
canonical = "sha256:edfb39397abfa040d2100bc706e42bb843f587573d14dd7875d4200f21caa722"
model-visible = "sha256:db3659c95920cb92675f041cf3c985088de25e2600c8936ade77f1961594cec8"
resource-manifest = "sha256:4515968ae8c73714738d7084f9673ee0aa32ddfb290a68d459dc4f57da7e776b"

[[trait.export]]
target = "agent-skills"
path = ".agents/skills/plan-direct/SKILL.md"
digest = "sha256:00ee8ac77b9fb4e0299ad944cf7d2a74a2f8b370bafde1b83713748453cc7011"

[[trait]]
id = "plan"
variant = "quick"
requested-version = "0.5.0"
resolved-version = "0.5.0"

[trait.digests]
source = "sha256:4959da9c5f1571eefe767f44d6c771ca9c52f8c8818e836a96666a0529752191"
canonical = "sha256:90f8581e1138db7e9c9de3395b225a86bd798658f8551a2eea85188b698b33d7"
model-visible = "sha256:4c8967ace283810546da2b21b5367d5a32ece2103f7de8097114371bc22fdca1"
resource-manifest = "sha256:4515968ae8c73714738d7084f9673ee0aa32ddfb290a68d459dc4f57da7e776b"

[[trait.export]]
target = "agent-skills"
path = ".agents/skills/plan-quick/SKILL.md"
digest = "sha256:9d7d9b95560c89ecc5d1745c6e0ec9d6383a7e3dc1d89a9d5dcb1408d850603f"
