[metadata]
schema-version = "0.1"
generated-by = "ctx traits sync"
generated-at = "not-recorded"

[[trait]]
id = "walkthrough"
variant = "default"
requested-version = "0.3.1"
resolved-version = "0.3.1"

[trait.digests]
source = "sha256:31bebc7c6c64363d11cd8c9797c508052547e6984357074f8aab92a2deda6cc0"
canonical = "sha256:99c0c7aa2dfd4f3f061b99f2780b2fd2ea3984ae5ea60c23cb6994c327d70e9c"
model-visible = "sha256:4ccdd7953e8d8daa14d65f2147aee6ab1db7a83557ec5fa3152a90f9bf8fdcac"
resource-manifest = "sha256:3233d0b6a1771b9e696ffdef6d0f1ec38e0e68e5124349ed28150c62744d41b9"
