[metadata]
schema-version = "0.1"
generated-by = "ctx traits sync"
generated-at = "not-recorded"

[[trait]]
id = "walkthrough"
variant = "default"
requested-version = "0.2.0"
resolved-version = "0.2.0"

[trait.digests]
source = "sha256:eee8aeece1536278a1233ab91ab815c33256f5ef65b3a87dcf733af2ec251b19"
canonical = "sha256:54fd697d0e97796fdd942db625d5e6eadbcfd00c23790215cbdb6e9d5e8f6382"
model-visible = "sha256:285b9da95b037b2f23d7988986eb30e2e17b77a7e1b74d4cbf1aae419d8bb0b3"
resource-manifest = "sha256:c5cfae1144997ea3c0a33ad6c6ebedbbc743e3af2d1ef31eabf2aecac62ab0a7"
