[metadata]
schema-version = "0.1"
generated-by = "ctx traits sync"
generated-at = "not-recorded"

[[trait]]
id = "walkthrough"
variant = "default"
requested-version = "0.3.11"
resolved-version = "0.3.11"

[trait.digests]
source = "sha256:ffbd679c76d265017c9587cd1f95c9f7aa3de4b55fdb03915f5c561507ccfce7"
canonical = "sha256:26c42138fc279d77626fb447379d9b27ca535b6b7f57b871aeedcaa0b86efbf7"
model-visible = "sha256:4192a5fba15b01709ea7b7ab02c05282a716d93c4f07c0b8fc0dde4d3de37116"
resource-manifest = "sha256:5c72591068b4a115d639f709105262eb686b0374be7c874b8044bf54f85b4839"
