[metadata]
schema-version = "0.1"
generated-by = "ctx traits sync"
generated-at = "not-recorded"

[[trait]]
id = "implement-guided"
requested-version = "0.1.1"
resolved-version = "0.1.1"

[trait.digests]
source = "sha256:7a4ab3cfa637538da147a048db54f0f46406bb631e9b46ab2b8112f02e795d0c"
canonical = "sha256:34f7829c97d145246eac7b0a1e8c5603cdeb55fe2bd8c994c9495a213bb6995b"
model-visible = "sha256:f2df9efb77f00a18e4f74111956ef80800a781b225e1ee03f49a50f10dd5b7e9"
resource-manifest = "sha256:35089c9fa3c277f0d691460183be6a12071513084963b6043a08ca92c4e4fa98"

[[trait.export]]
target = "agent-skills"
path = ".agents/skills/implement-guided/SKILL.md"
digest = "sha256:1dcb1cbc3baecbe68f5ab8303ef45eb4d69a381689852d7c9599831985453c5d"
