[metadata]
schema-version = "0.1"
generated-by = "ctx traits sync"
generated-at = "not-recorded"

[[trait]]
id = "release"
variant = "default"
requested-version = "0.1.0"
resolved-version = "0.1.0"

[trait.digests]
source = "sha256:8bc4ec2419a8bad4dd0be318f6e6aba5b4ab0e566b4797bce18f0a9e3161a914"
canonical = "sha256:2e68bffe1341b864690dcd6b9e93d451c40709a89138e9912dba9376669a0af0"
model-visible = "sha256:76ee937ef7388f7ddb7e2fa4dbf92337f6b2f98aa2f02f7e81b8e2cb6027b311"
resource-manifest = "sha256:d86f894b483f1bbc7740594e09b4ad4f5669d2fb12e0e5271120b3f03ed1c577"

[[trait.export]]
target = "agent-skills"
path = ".agents/skills/release-default/SKILL.md"
digest = "sha256:d094dd378e2de3ab056a7d859eae19eed5a8bd873bd2ee288c32847e118a90f8"

[[trait.projection]]
target-profile = "agent-skills"
renderer-version = "0.1.0-alpha.1"
profile-version = "agent-skills"

[trait.projection.digests]
source = "sha256:8bc4ec2419a8bad4dd0be318f6e6aba5b4ab0e566b4797bce18f0a9e3161a914"
canonical = "sha256:2e68bffe1341b864690dcd6b9e93d451c40709a89138e9912dba9376669a0af0"
model-visible = "sha256:76ee937ef7388f7ddb7e2fa4dbf92337f6b2f98aa2f02f7e81b8e2cb6027b311"
render = "sha256:eaebd36cd1fb0c53e2f8e655d8e1f5e03f3d7e7ab6399a40340fb34ca0d6b86b"
generated-markdown = "sha256:d094dd378e2de3ab056a7d859eae19eed5a8bd873bd2ee288c32847e118a90f8"

[trait.projection.warnings]
semantic-loss = ["agent: agent-skills static render cannot enforce multi-agent frame routing; ctx runtime assignments and caller identity are required"]
advisory-policy = [
    "port.commit-report output contract has no title",
    "port.commit-report output contract has no format guidance",
    "port.publish-report output contract has no title",
    "port.publish-report output contract has no format guidance",
]

[trait.projection.static-output]
drift-status = "in-sync"
path = "./.agents/skills/release-default/SKILL.md"

[trait.projection.provenance]
command = "ctx traits export --update-skill-lock"
profile = "agent-skills"
options = ["--profile=agent-skills"]
