[metadata]
schema-version = "0.1"
generated-by = "ctx traits sync"
generated-at = "not-recorded"

[[trait]]
id = "release"
requested-version = "0.1.0"
resolved-version = "0.1.0"

[trait.digests]
source = "sha256:c296d19a15cfdb845cedd2eee5f9933ac46b2e97190d9a74cd508f8cc6adf41a"
canonical = "sha256:5dd5d3bbbe10d41277b0f865e693ba3fe219bfc6f5975a709b915c28e48ef15c"
model-visible = "sha256:57694b910950e063c8548018314705d9f647d5e91dd1d7bfc77d8109ca2a4ff6"
resource-manifest = "sha256:ed373ec45cb51c9d20ccf85be490df47e430f55ea80622e168ceaa8750a82867"

[[trait]]
id = "release"
variant = "default"
requested-version = "0.1.0"
resolved-version = "0.1.0"

[trait.digests]
source = "sha256:5a8b0c3bcf860fdad57176d53e82e550333daf5ca84e616762b02d56582c09f5"
canonical = "sha256:871145ad1a37bf26198ec89c9f645d3fa9adb2682919e19bea123eae4a05e348"
model-visible = "sha256:b9fa48ba1574bcec0552b073daabeb5214b8b047343e8da67fdfda2118e1db05"
resource-manifest = "sha256:fd9005a35915879b2c8c62e0e0eb5d55f365b3a54ccbd2dd3373aa6dc519b61c"
