[metadata]
schema-version = "0.1"
generated-by = "ctx traits sync"
generated-at = "not-recorded"

[[trait]]
id = "optimize"
variant = "benchmark"
requested-version = "0.1.0"
resolved-version = "0.1.0"

[trait.digests]
source = "sha256:5fcfd9c9c14e9fe9b0209f286e641be4a2aaec3566c299ab2015e5534af29c0d"
canonical = "sha256:887ccb75c5eb94b5259a07adbe03fd724960a54869649961267d7e9a99efb21c"
model-visible = "sha256:14eaab44473d6b0c79039441cee4ff71a8e7713c7624c0c422c46194ed489316"
resource-manifest = "sha256:a29a69880212df51502dcbbe1fcb320822236206578f3155e792418f4df7ba44"

[[trait]]
id = "optimize"
variant = "experiment"
requested-version = "0.1.0"
resolved-version = "0.1.0"

[trait.digests]
source = "sha256:568a1ea26b519b14188c65a4439621440297a2d8914e36d84698944a0839a79b"
canonical = "sha256:a3529357507315ad5a2afb0e3e07cb78e9e59dc3e4c3fff8d0e9867c7dac35f6"
model-visible = "sha256:cc8da6e8830ff10496fa86eab3d31b7cf8255e3e3c568dbcc82d1226e3aea2bb"
resource-manifest = "sha256:a29a69880212df51502dcbbe1fcb320822236206578f3155e792418f4df7ba44"
