[metadata]
schema-version = "0.1"
generated-by = "ctx traits sync"
generated-at = "not-recorded"

[[trait]]
id = "review"
variant = "default"
requested-version = "0.1.0"
resolved-version = "0.1.0"

[trait.digests]
source = "sha256:a41bde17387fdaf1b2e0d07822d83f227a9de50695500e40a8502688ba4385c7"
canonical = "sha256:966f84b827f0ade977b21d652c2631b5fd4c7a09c8236f1303071d01396495ab"
model-visible = "sha256:3c2e77487b8e1318b93ebd777ffa1d9026f08e5b2567cf5b9e7e3bb952af9681"
resource-manifest = "sha256:355cf9c76d5b62fdbeaf7cb842541dbdc760245189aff6f4d743afad5716f1cb"

[[trait.export]]
target = "agent-skills"
path = ".agents/skills/review-default/SKILL.md"
digest = "sha256:4d765111921b2ef2d3f9e92c2efa0c80f9dd7922f0f9499045e24b7f30d99413"

[[trait.projection]]
target-profile = "agent-skills"
renderer-version = "0.1.0-alpha.1"
profile-version = "agent-skills"

[trait.projection.digests]
source = "sha256:a41bde17387fdaf1b2e0d07822d83f227a9de50695500e40a8502688ba4385c7"
canonical = "sha256:966f84b827f0ade977b21d652c2631b5fd4c7a09c8236f1303071d01396495ab"
model-visible = "sha256:3c2e77487b8e1318b93ebd777ffa1d9026f08e5b2567cf5b9e7e3bb952af9681"
render = "sha256:4968de00b614473f544c325ee3baa435afa38b19f24c1ca4fc28d0b43949ee8b"
generated-markdown = "sha256:4d765111921b2ef2d3f9e92c2efa0c80f9dd7922f0f9499045e24b7f30d99413"

[trait.projection.warnings]
semantic-loss = ["agent: agent-skills static render cannot enforce multi-agent frame routing; ctx runtime assignments and caller identity are required"]
advisory-policy = [
    "port.review-document-report output contract has no title",
    "port.review-document-report output contract has no format guidance",
    "port.review-verdict-report output contract has no title",
    "port.review-verdict-report output contract has no format guidance",
    "port.tree-status-report output contract has no title",
    "port.tree-status-report output contract has no format guidance",
    'section "Procedure" redacted: 1 blocking finding(s) remained after field sanitation',
]

[trait.projection.static-output]
drift-status = "in-sync"
path = "./.agents/skills/review-default/SKILL.md"

[trait.projection.provenance]
command = "ctx traits export --update-skill-lock"
profile = "agent-skills"
options = ["--profile=agent-skills"]
