[metadata]
schema-version = "0.1"
generated-by = "ctx traits sync"
generated-at = "not-recorded"

[[trait]]
id = "research-summarize"
requested-version = "0.1.0"
resolved-version = "0.1.0"

[trait.digests]
source = "sha256:caca029f3aadad77c1514db3c50537ca6147f43f69c2baec8f9b8fcae4722ce5"
canonical = "sha256:fc660fedc2ea27195dc5095c95771e037c3ac6e88b051774405781103a56d4b7"
model-visible = "sha256:fc417ea28d3541ee7ea90a6c2e59aa2fdbac96b8916d2ac9b0a7a8dd7f5a9874"
resource-manifest = "sha256:8af51fb9c7a6b83b8bfa8fbd8bbf6bdb62d9840e94f007de82ef4ba458eb13be"
