[metadata]
schema-version = "0.1"
generated-by = "ctx traits sync"
generated-at = "not-recorded"

[[trait]]
id = "import"
requested-version = "0.1.0"
resolved-version = "0.1.0"

[trait.digests]
source = "sha256:aedbf6996ed6c1f69e70d93e5919dbd9edffea872bbc708ca15b5f886869463a"
canonical = "sha256:80288f338747304a78b7a559dfd2b9d8c6c7a119566ef1af5e75eef300cd1b0c"
model-visible = "sha256:b07effc406d2b79c4d60f6042a1d9d26c013af7e68745250ae6fb2cafd7cfc88"
resource-manifest = "sha256:5aa065dc9a47903184e25039098d54ea04f4badd28c4ef6a0f98783f7d68cca5"

[[trait]]
id = "import-trait"
requested-version = "0.1.0"
resolved-version = "0.1.0"

[trait.digests]
source = "sha256:1b2feca35ba565ad5ead1257dce19d68001f801d68b225703deb8af986c0963a"
canonical = "sha256:32a4ec501802e5d11ba2a9ab820caddb873947faf7dd85e5f821bba88b99a143"
model-visible = "sha256:b539731db68c5dfb60712cb988e46cfc6b0d2938b96d1a5d114c0cc66809b55d"
resource-manifest = "sha256:209b89868547c14c47a14797febd0d0a9e6d78682e91540d24955187c305a57a"

[[dependency]]
alias = "spec"
id = "spec"
requested-version = "0.1.0"
resolved-version = "0.1.0"
vendored-path = ".ctx/traits/vendored/spec"

[dependency.source]
path = "../../shared/spec"

[dependency.digests]
source = "sha256:448f90d9d4a7720b23b1c2f9cd00e568282e2338cd034b037ee73e4591d17218"
canonical = "sha256:52d4cbba0447f2e94bac9603e1db63e6f1bdf2570297e8190484fddbcff774a7"
model-visible = "sha256:fa29959334535f27eea37bf642482dd9457c79f07c7498fa4c69188088113bdf"
resource-manifest = "sha256:21a1bea7ad900b112b52cd04ea10e3b98fa6c50fd40b73798218fee995bc91c9"
