[metadata]
schema-version = "0.1"
generated-by = "ctx traits sync"
generated-at = "not-recorded"

[[trait]]
id = "research"
requested-version = "0.1.0"
resolved-version = "0.1.0"

[trait.digests]
source = "sha256:714f691fd9452548f7332dfc657d743761d48792f354a8d89433d7962894e0e0"
canonical = "sha256:9d1ded8e6e21f7750808c66ad3021d6db779194c6c59d41d90840758b08e9808"
model-visible = "sha256:d069d73bc64fc0a0e1c2714e8265096cd9215ab0208bf9c0ba01003292a38b45"
resource-manifest = "sha256:089ad1b9cd9c3b6224f74d9afa8273b03e986e3d3c9137de1cdc2b9a6b1d23bf"
