[metadata]
schema-version = "0.1"
generated-by = "ctx traits sync"
generated-at = "not-recorded"

[[trait]]
id = "critique-trait"
requested-version = "0.1.0"
resolved-version = "0.1.0"

[trait.digests]
source = "sha256:8a5f576ea5e6ee1d1a2af221e6a9d742d699881f25f52f91e3c68e2a01b270ee"
canonical = "sha256:d89ecfed92262488fe9772b91e70dd2c2d52098465ca4382549cf29564baf59a"
model-visible = "sha256:385594f77b1facb0fe8d42aec0c9dc0eae3e0dfe7306c821d658da8b56ba1763"
resource-manifest = "sha256:8f49b8c174a855d6b9ec0e3f6d16f5ce3511618ee3afe79438c86499ffed4a8e"

[[trait.export]]
target = "agent-skills"
path = ".agents/skills/critique-trait/SKILL.md"
digest = "sha256:8197dcad35c69dc3610263b3a54eedd99053776c5121acbdffb69897930ff58a"

[[dependency]]
alias = "trait-spec"
id = "trait-spec"
requested-version = "0.1.0"
resolved-version = "0.1.0"
vendored-path = ".ctx/traits/vendor/trait-spec"

[dependency.source]
path = "../trait-spec"

[dependency.digests]
source = "sha256:2e679fed106ad0d7ba791d5a88b74a03d48c1cf84fe0d8786fbc971689db7f59"
canonical = "sha256:6b6dabf47b2ff4f583405fca4e6a4cf87fea7aa8efa6b7298e28a15e126b3ff7"
model-visible = "sha256:16efa105137138e4466db43f274ea2509cbe208008d1b370df730d83459bd30d"
resource-manifest = "sha256:0df7adcc175a94c51c60e501d1fbde585ae1e70507f1753631eb97dcc37bfa0e"
