[metadata]
schema-version = "0.1"
generated-by = "ctx traits sync"
generated-at = "not-recorded"

[[trait]]
id = "research"
variant = "deep"
requested-version = "0.1.0"
resolved-version = "0.1.0"

[trait.digests]
source = "sha256:126b72af63f61a09e2a1ef6fbc031e6594e872a0e804a1c7eff7dcf38357aa50"
canonical = "sha256:75697edeced98a6d87e29fc9fd5b6a431812121329d098cb4452c02f3028bce1"
model-visible = "sha256:f474612431e84bd777d58d789615593af1fddecbcf68d1b11a44f5a6f2dbbe66"
resource-manifest = "sha256:18a16be6e96a019bb72f168737a73abf773569ea736a809b8a1cac8f2550dead"

[[trait.export]]
target = "agent-skills"
path = ".agents/skills/research-deep/SKILL.md"
digest = "sha256:259deea0dcb227bb7cb82c321822c3028f92eadaf00a456d6b5adafc2e171786"

[[trait.projection]]
target-profile = "agent-skills"
renderer-version = "0.1.0-alpha.1"
profile-version = "agent-skills"

[trait.projection.digests]
source = "sha256:bf2a6ca359d1e998a91d7000319d2727b57ea01fcaa7355561e40ad8887f1082"
canonical = "sha256:2b89ae7a6dd78c626112946c0b06a6cf692741327e804325dda12db99fb54e49"
model-visible = "sha256:7c493c91e23f7f242ccd68ba7c605dc2abf0602e83e758a10b836b587b317274"
render = "sha256:a420532af89696f59b519cd2b6411cb9582c77dec94ce73dba8a338c30fb7978"
generated-markdown = "sha256:259deea0dcb227bb7cb82c321822c3028f92eadaf00a456d6b5adafc2e171786"

[trait.projection.warnings]
semantic-loss = ["agent: agent-skills static render cannot enforce multi-agent frame routing; ctx runtime assignments and caller identity are required"]
advisory-policy = [
    "port.commit-report output contract has no title",
    "port.commit-report output contract has no format guidance",
    "port.report-path output contract has no format guidance",
]

[trait.projection.static-output]
drift-status = "in-sync"
path = "./.agents/skills/research-deep/SKILL.md"

[trait.projection.provenance]
command = "ctx traits export --update-skill-lock"
profile = "agent-skills"
options = ["--profile=agent-skills"]

[[trait]]
id = "research"
variant = "default"
requested-version = "0.1.0"
resolved-version = "0.1.0"

[trait.digests]
source = "sha256:cd7c9a904dee10457e7d8f991425f73b958a9305bf4190f85ed19d7298726521"
canonical = "sha256:11400425c9e3d571f92b6d91c329831747412bc78b65a562b1fffb73f341afbd"
model-visible = "sha256:32a4a06e949c64e196c591b81df05d417c5cb386e84cc76210aa87f30a4aa5b9"
resource-manifest = "sha256:18a16be6e96a019bb72f168737a73abf773569ea736a809b8a1cac8f2550dead"

[[trait.export]]
target = "agent-skills"
path = ".agents/skills/research-default/SKILL.md"
digest = "sha256:afeee99f4cc4834b066a1cb3710d0e961725e949602af23a0feb609d6d45c5bc"

[[trait.projection]]
target-profile = "agent-skills"
renderer-version = "0.1.0-alpha.1"
profile-version = "agent-skills"

[trait.projection.digests]
source = "sha256:124a6671035ae33af275cb1a38413bd4d222c9e516ebdeaca8d15ae96ddabdc6"
canonical = "sha256:ce1d65a4b6a43a1fb45254631e00344a972b9ea5910860032901a4f978b4bb31"
model-visible = "sha256:64c4c8320c0ddd92756981633c2f25fcde6c4a74882a9cf2ffac4e02caa51779"
render = "sha256:af60b5f8d3105b3322cb582bb4c2d499813f16a5b01666a5a563698cfa516f7b"
generated-markdown = "sha256:afeee99f4cc4834b066a1cb3710d0e961725e949602af23a0feb609d6d45c5bc"

[trait.projection.warnings]
semantic-loss = ["agent: agent-skills static render cannot enforce multi-agent frame routing; ctx runtime assignments and caller identity are required"]
advisory-policy = [
    "port.commit-report output contract has no title",
    "port.commit-report output contract has no format guidance",
    "port.report-path output contract has no format guidance",
]

[trait.projection.static-output]
drift-status = "in-sync"
path = "./.agents/skills/research-default/SKILL.md"

[trait.projection.provenance]
command = "ctx traits export --update-skill-lock"
profile = "agent-skills"
options = ["--profile=agent-skills"]

[[trait]]
id = "research"
variant = "quick"
requested-version = "0.1.0"
resolved-version = "0.1.0"

[trait.digests]
source = "sha256:fc1280754ea0ec72c14ea27c59214173ea0d4d51412cb3c996905d4c5697e87b"
canonical = "sha256:b1cee65a983cd7b178216ea7829ef4dbfaf7d8127cf02ad5df64005e211c54ea"
model-visible = "sha256:c19695a1740eded806ae7e0f62d17620bb69673080ebfbb33e268320d099776f"
resource-manifest = "sha256:18a16be6e96a019bb72f168737a73abf773569ea736a809b8a1cac8f2550dead"

[[trait.export]]
target = "agent-skills"
path = ".agents/skills/research-quick/SKILL.md"
digest = "sha256:bb2f132cd3f1ce29384f4ce702b149a56dff0ab78f4990b3b782a6773a182b29"

[[trait.projection]]
target-profile = "agent-skills"
renderer-version = "0.1.0-alpha.1"
profile-version = "agent-skills"

[trait.projection.digests]
source = "sha256:61b9e3d6344b8008c5d6eefb9a8764ab2d182b66c9991d49826236d1d6c7ba5f"
canonical = "sha256:5e64f499ac6bcc723f215f0c8a7873d8354a7ab19ac4ef2a6997140c9b7bda7b"
model-visible = "sha256:90b5e6a3130186d3da2efc37188dccda6ba1f66bf52fabd195d2a41676fa1abd"
render = "sha256:ac51f47cd0ce682ec0ebbbda45643a3f15d4f8ff460beb50a217d62258b8a1e8"
generated-markdown = "sha256:bb2f132cd3f1ce29384f4ce702b149a56dff0ab78f4990b3b782a6773a182b29"

[trait.projection.warnings]
semantic-loss = ["agent: agent-skills static render cannot enforce multi-agent frame routing; ctx runtime assignments and caller identity are required"]
advisory-policy = [
    "port.commit-report output contract has no title",
    "port.commit-report output contract has no format guidance",
    "port.report-path output contract has no format guidance",
]

[trait.projection.static-output]
drift-status = "in-sync"
path = "./.agents/skills/research-quick/SKILL.md"

[trait.projection.provenance]
command = "ctx traits export --update-skill-lock"
profile = "agent-skills"
options = ["--profile=agent-skills"]
