[metadata]
schema-version = "0.1"
generated-by = "ctx traits sync"
generated-at = "not-recorded"

[[trait]]
id = "research"
variant = "deep"
requested-version = "0.1.0"
resolved-version = "0.1.0"

[trait.digests]
source = "sha256:5a714f854bad680c8631c3289a3ad46dd3f71b09207c3a2388a603cdaa97ee1c"
canonical = "sha256:26d3ce39e48df8721015714f3f538a4253a2206b95df3bf6bf3ab749b663f624"
model-visible = "sha256:018cdbd9a4d38b29d860f70407c4cb390379af28fad6eefce502c0a659d5e3bd"
resource-manifest = "sha256:18a16be6e96a019bb72f168737a73abf773569ea736a809b8a1cac8f2550dead"

[[trait.export]]
target = "agent-skills"
path = ".agents/skills/research-deep/SKILL.md"
digest = "sha256:259deea0dcb227bb7cb82c321822c3028f92eadaf00a456d6b5adafc2e171786"

[[trait.projection]]
target-profile = "agent-skills"
renderer-version = "0.1.0-alpha.1"
profile-version = "agent-skills"

[trait.projection.digests]
source = "sha256:bf2a6ca359d1e998a91d7000319d2727b57ea01fcaa7355561e40ad8887f1082"
canonical = "sha256:2b89ae7a6dd78c626112946c0b06a6cf692741327e804325dda12db99fb54e49"
model-visible = "sha256:7c493c91e23f7f242ccd68ba7c605dc2abf0602e83e758a10b836b587b317274"
render = "sha256:a420532af89696f59b519cd2b6411cb9582c77dec94ce73dba8a338c30fb7978"
generated-markdown = "sha256:259deea0dcb227bb7cb82c321822c3028f92eadaf00a456d6b5adafc2e171786"

[trait.projection.warnings]
semantic-loss = ["agent: agent-skills static render cannot enforce multi-agent frame routing; ctx runtime assignments and caller identity are required"]
advisory-policy = [
    "port.commit-report output contract has no title",
    "port.commit-report output contract has no format guidance",
    "port.report-path output contract has no format guidance",
]

[trait.projection.static-output]
drift-status = "in-sync"
path = "./.agents/skills/research-deep/SKILL.md"

[trait.projection.provenance]
command = "ctx traits export --update-skill-lock"
profile = "agent-skills"
options = ["--profile=agent-skills"]

[[trait]]
id = "research"
variant = "default"
requested-version = "0.1.0"
resolved-version = "0.1.0"

[trait.digests]
source = "sha256:6ae073255642e7121f5b0ecb443ced85b1c19aa9c3755c7254f928bd74824a82"
canonical = "sha256:c5e49407299833f63a68c3bb9a177be39d995c0a3b0c38eb112a1108bb1f9883"
model-visible = "sha256:b7db8fb334d7d213d04aa76a3b7fbfb175552bc4647b1da2df982013b7504c05"
resource-manifest = "sha256:18a16be6e96a019bb72f168737a73abf773569ea736a809b8a1cac8f2550dead"

[[trait.export]]
target = "agent-skills"
path = ".agents/skills/research-default/SKILL.md"
digest = "sha256:ea538290f1b9533ec23dc9525e1d4317f55603dc52ac5aa8f5b4d50a23e573b4"

[[trait.projection]]
target-profile = "agent-skills"
renderer-version = "0.2.4"
profile-version = "agent-skills"

[trait.projection.digests]
source = "sha256:6ae073255642e7121f5b0ecb443ced85b1c19aa9c3755c7254f928bd74824a82"
canonical = "sha256:c5e49407299833f63a68c3bb9a177be39d995c0a3b0c38eb112a1108bb1f9883"
model-visible = "sha256:b7db8fb334d7d213d04aa76a3b7fbfb175552bc4647b1da2df982013b7504c05"
render = "sha256:46255db8e0304088ae31305eb9017ec9351e2f61785869035a84d5b30097a3e9"
generated-markdown = "sha256:ea538290f1b9533ec23dc9525e1d4317f55603dc52ac5aa8f5b4d50a23e573b4"

[trait.projection.warnings]
semantic-loss = ["agent: agent-skills static render cannot enforce multi-agent frame routing; ctx runtime assignments and caller identity are required"]
advisory-policy = [
    "port.commit-report output contract has no title",
    "port.commit-report output contract has no format guidance",
    "port.report-path output contract has no format guidance",
]

[trait.projection.static-output]
drift-status = "in-sync"
path = "./.agents/skills/research-default/SKILL.md"

[trait.projection.provenance]
command = "ctx traits export --update-skill-lock"
profile = "agent-skills"
options = ["--profile=agent-skills"]

[[trait]]
id = "research"
variant = "quick"
requested-version = "0.1.0"
resolved-version = "0.1.0"

[trait.digests]
source = "sha256:86c36fd7ec9ca5f1de425643632c220443940462759b2d8c566d33e9425b840f"
canonical = "sha256:551a0685356569877708d0a46726a388d4085e4de50921c7b574b547cc8b780e"
model-visible = "sha256:4d76849b923a8ce8dc6cb27e13b5584f29d0c74c0c3294c22a13ba637a4b8875"
resource-manifest = "sha256:18a16be6e96a019bb72f168737a73abf773569ea736a809b8a1cac8f2550dead"

[[trait.export]]
target = "agent-skills"
path = ".agents/skills/research-quick/SKILL.md"
digest = "sha256:bb2f132cd3f1ce29384f4ce702b149a56dff0ab78f4990b3b782a6773a182b29"

[[trait.projection]]
target-profile = "agent-skills"
renderer-version = "0.1.0-alpha.1"
profile-version = "agent-skills"

[trait.projection.digests]
source = "sha256:61b9e3d6344b8008c5d6eefb9a8764ab2d182b66c9991d49826236d1d6c7ba5f"
canonical = "sha256:5e64f499ac6bcc723f215f0c8a7873d8354a7ab19ac4ef2a6997140c9b7bda7b"
model-visible = "sha256:90b5e6a3130186d3da2efc37188dccda6ba1f66bf52fabd195d2a41676fa1abd"
render = "sha256:ac51f47cd0ce682ec0ebbbda45643a3f15d4f8ff460beb50a217d62258b8a1e8"
generated-markdown = "sha256:bb2f132cd3f1ce29384f4ce702b149a56dff0ab78f4990b3b782a6773a182b29"

[trait.projection.warnings]
semantic-loss = ["agent: agent-skills static render cannot enforce multi-agent frame routing; ctx runtime assignments and caller identity are required"]
advisory-policy = [
    "port.commit-report output contract has no title",
    "port.commit-report output contract has no format guidance",
    "port.report-path output contract has no format guidance",
]

[trait.projection.static-output]
drift-status = "in-sync"
path = "./.agents/skills/research-quick/SKILL.md"

[trait.projection.provenance]
command = "ctx traits export --update-skill-lock"
profile = "agent-skills"
options = ["--profile=agent-skills"]
