[metadata]
schema-version = "0.1"
generated-by = "ctx traits sync"
generated-at = "not-recorded"

[[trait]]
id = "grill-me"
requested-version = "0.1.0"
resolved-version = "0.1.0"

[trait.digests]
source = "sha256:743a10a586fe8f3fe55aaaecc6d22fab6f694c90cd6e6cfe7fee50367be7cc86"
canonical = "sha256:11f0d192cd2dc691a227f610498c5132c45003575cddf22ef14ddb32947111c4"
model-visible = "sha256:bbb1dde8d07e9700781218f862d1fa2357b6c44627e2217f3a3f256085ab6db7"
resource-manifest = "sha256:2260e22388a36c7076da9e065317aca39facba6a7a5ee1437395684832f8562d"
