[metadata]
schema-version = "0.1"
generated-by = "ctx traits sync"
generated-at = "not-recorded"

[[trait]]
id = "review"
requested-version = "0.1.0"
resolved-version = "0.1.0"

[trait.digests]
source = "sha256:9a4c9ea7abd56680804e475dd70f4260a497b2ec19934f21b42957d09e97dfbc"
canonical = "sha256:9416871b88a3defcd7778fb068706cac999a87c2e209c071b95d6447db033185"
model-visible = "sha256:2c4153d836f849a57ab367ef1974afcc7b9e40841c89ed9efe18ffa81ab2e1fc"
resource-manifest = "sha256:355cf9c76d5b62fdbeaf7cb842541dbdc760245189aff6f4d743afad5716f1cb"
