[metadata]
schema-version = "0.1"
generated-by = "ctx traits sync"
generated-at = "not-recorded"

[[trait]]
id = "implement"
requested-version = "0.1.0"
resolved-version = "0.1.0"

[trait.digests]
source = "sha256:f752604dd547c8771e4468cc9eec5166707812d9b7a48fefa93ff79379e33f61"
canonical = "sha256:f2faacdf1abc06db8570a8cf6dac55245c5f46ce85a7cb6577cc7a2c772b64cc"
model-visible = "sha256:b9c770b46970028f82de69e6910c69f3cd060fa21740703539544d8cab62de2e"
resource-manifest = "sha256:f95112d86fe2949c038a31c82594e2030fe90562bc2d6898f7e65c67d7efdef9"
