[metadata]
schema-version = "0.1"
generated-by = "ctx traits sync"
generated-at = "not-recorded"

[[trait]]
id = "import-trait"
requested-version = "0.1.0"
resolved-version = "0.1.0"

[trait.digests]
source = "sha256:1b2feca35ba565ad5ead1257dce19d68001f801d68b225703deb8af986c0963a"
canonical = "sha256:32a4ec501802e5d11ba2a9ab820caddb873947faf7dd85e5f821bba88b99a143"
model-visible = "sha256:b539731db68c5dfb60712cb988e46cfc6b0d2938b96d1a5d114c0cc66809b55d"
resource-manifest = "sha256:209b89868547c14c47a14797febd0d0a9e6d78682e91540d24955187c305a57a"

[[dependency]]
alias = "spec"
id = "spec"
requested-version = "0.1.0"
resolved-version = "0.1.0"
vendored-path = ".ctx/traits/vendored/spec"

[dependency.source]
path = "../spec"

[dependency.digests]
source = "sha256:174ee5b3791207a09a286352423e6ccd4bc30eb1b7c992a2e6fab717acd070b4"
canonical = "sha256:7f4103abe0932c220aad45daab6f16a588587656cb05d4f3ef153bd11c7c2730"
model-visible = "sha256:fa29959334535f27eea37bf642482dd9457c79f07c7498fa4c69188088113bdf"
resource-manifest = "sha256:21a1bea7ad900b112b52cd04ea10e3b98fa6c50fd40b73798218fee995bc91c9"
