[metadata]
schema-version = "0.1"
generated-by = "ctx traits sync"
generated-at = "not-recorded"

[[trait]]
id = "review"
requested-version = "0.1.0"
resolved-version = "0.1.0"

[trait.digests]
source = "sha256:104d1d9f4a2861b9999885b6a77861932cfd16e4116c6f84510d5b7912c83871"
canonical = "sha256:7063d3edafe8dfb0a51e3df137f93d914b73af39b175923d649b5ec0df10ebca"
model-visible = "sha256:c594c433bf23becd7540b129c64b7c5e60f737d2d3dc398a268462a897e7ddb4"
resource-manifest = "sha256:355cf9c76d5b62fdbeaf7cb842541dbdc760245189aff6f4d743afad5716f1cb"
