[metadata]
schema-version = "0.1"
generated-by = "ctx traits sync"
generated-at = "not-recorded"

[[trait]]
id = "implement"
variant = "basic"
requested-version = "0.25.0"
resolved-version = "0.25.0"

[trait.digests]
source = "sha256:a33a21bddc5598f3713b921b2b8b018d89453603f2a973da8453b54d7da1929b"
canonical = "sha256:2d6e3d1acc72329b9a6139614dc88fc601ce1dcd48481d7da8d644cd63227099"
model-visible = "sha256:84eb092ad746f1a87093ff41f7d49f94f9df4bdf3d91638e0b4b85bc20ccde14"
resource-manifest = "sha256:f95112d86fe2949c038a31c82594e2030fe90562bc2d6898f7e65c67d7efdef9"

[[trait]]
id = "implement"
variant = "complex"
requested-version = "0.25.0"
resolved-version = "0.25.0"

[trait.digests]
source = "sha256:8d7596c4ff8b0de30ce83ccb3acfcc6ac44ec5dfc25302c038fd81829163fb5d"
canonical = "sha256:1d9a2ea247579a07846a6a5ece85fb7d1b3e1634e05dc6691bb1128125ab9211"
model-visible = "sha256:f405f6d72c1621a68531cd8300773f81a9a91689fb4389c8a2e5f0eee3b74780"
resource-manifest = "sha256:f95112d86fe2949c038a31c82594e2030fe90562bc2d6898f7e65c67d7efdef9"

[[trait]]
id = "implement"
variant = "default"
requested-version = "0.25.0"
resolved-version = "0.25.0"

[trait.digests]
source = "sha256:f24f22e5a497c3dfbe3dc2b8ffa22e5ec21c0415b4e1da713fc1bf1fe7b5519e"
canonical = "sha256:928f7830c28f712460587212a4684ddd3072ed87fb171676e6350d491ab88ca8"
model-visible = "sha256:18adafd66c422435f1ad5cd60e466281cd455b7f407e86eb54bec36c6c9ddaca"
resource-manifest = "sha256:f95112d86fe2949c038a31c82594e2030fe90562bc2d6898f7e65c67d7efdef9"

[[trait]]
id = "implement"
variant = "gated"
requested-version = "0.24.0"
resolved-version = "0.24.0"

[trait.digests]
source = "sha256:7b27001e1798d49815333e1d2f0242baff4382c00909d923fc9f87fbc21463f5"
canonical = "sha256:76e6b3c38847a94ad1564398f9a96c78223be5100084bbc56fd43bf1aeb1c4b3"
model-visible = "sha256:303a471214a72aa2476595fd4b9fce54ba21962fc6422d1571dfd7ab1334144d"
resource-manifest = "sha256:f95112d86fe2949c038a31c82594e2030fe90562bc2d6898f7e65c67d7efdef9"

[[trait]]
id = "implement"
variant = "guarded"
requested-version = "0.24.0"
resolved-version = "0.24.0"

[trait.digests]
source = "sha256:65e63992af65807e6d0f6ba8b4e84352d52454c9bb21f41a1cd535b05a34e5da"
canonical = "sha256:1f213fbd7f1da27dd0ed9aec8a0e58edf5cc874130c8c5c0f41f241e2de49f4f"
model-visible = "sha256:427660ce3703a5a1f29ceeee90b0b3230aac31eacdfac76446ed4a50628247e3"
resource-manifest = "sha256:f95112d86fe2949c038a31c82594e2030fe90562bc2d6898f7e65c67d7efdef9"

[[trait]]
id = "implement"
variant = "implement"
requested-version = "0.25.0"
resolved-version = "0.25.0"

[trait.digests]
source = "sha256:3e78e34e32bb43e37c654ff1d2543e5dc3cf6f31ca5c2e51a38b97d967031db3"
canonical = "sha256:a18db2c89d8e848887f044f127805ce884b7b3fb64a1e1cb7711ce41e08631c9"
model-visible = "sha256:18adafd66c422435f1ad5cd60e466281cd455b7f407e86eb54bec36c6c9ddaca"
resource-manifest = "sha256:f95112d86fe2949c038a31c82594e2030fe90562bc2d6898f7e65c67d7efdef9"

[[trait]]
id = "implement"
variant = "implement-complex"
requested-version = "0.25.0"
resolved-version = "0.25.0"

[trait.digests]
source = "sha256:7cc8281ed8eb36e6c1cfe68e6f01ab8eccf2fed609c7ca7c465ca4ab839419b9"
canonical = "sha256:25277d9a52b990b1aa523262436149c6281288795b28554cc50037aaa1475169"
model-visible = "sha256:902b2bfdc25e0f13fa7999fab919b1210376c355065f70e4eff09baac1d7c500"
resource-manifest = "sha256:f95112d86fe2949c038a31c82594e2030fe90562bc2d6898f7e65c67d7efdef9"

[[trait]]
id = "implement"
variant = "implement-quick"
requested-version = "0.25.0"
resolved-version = "0.25.0"

[trait.digests]
source = "sha256:9f6e8356ba08aed1109ec2bd7e53557d9f263b0a89f9831c8829b23b1bc16b71"
canonical = "sha256:471cf80d8a1f6b37af6f26e030b5a2ed88fb3ed19a79ae95fea0ba7813ad5c6c"
model-visible = "sha256:fc2513cb5c556edc173ed4edeadf6be8fa9719c8449a0b317c3dcb1b78ea261a"
resource-manifest = "sha256:f95112d86fe2949c038a31c82594e2030fe90562bc2d6898f7e65c67d7efdef9"

[[trait]]
id = "implement"
variant = "phase"
requested-version = "0.24.0"
resolved-version = "0.24.0"

[trait.digests]
source = "sha256:994230e489cd67cb02671942abfdb62dfdd181150f21ac78a1880eb386ee512b"
canonical = "sha256:394eb2d23f4a696d7f773a96ffdf6e76b93266e25974ad0e2b6b1f7c46b1508d"
model-visible = "sha256:b72727c175de86087c448fce0885ba37e12688d97c10014babd72425a6b166f0"
resource-manifest = "sha256:6dcb074372952eecf2c308a01aa9944a5b9b1e87eefd18423542401d8e0a3470"

[[trait]]
id = "implement"
variant = "quick"
requested-version = "0.25.0"
resolved-version = "0.25.0"

[trait.digests]
source = "sha256:27983dc5108ded6487844d007a0d6802699c62f56abb4efc9f92ea52b9143422"
canonical = "sha256:fc466e4fdc6eaffdda28600840e6afda17e3fe71e2d3fcda912895857637dabb"
model-visible = "sha256:c38c16a23cebc2404b27df9ac3cd7fcc6443fbaf7cd3f99deef86e1782a61897"
resource-manifest = "sha256:f95112d86fe2949c038a31c82594e2030fe90562bc2d6898f7e65c67d7efdef9"

[[trait]]
id = "implement"
variant = "smart"
requested-version = "0.24.0"
resolved-version = "0.24.0"

[trait.digests]
source = "sha256:021954caf81cfac2613a37a86a651850ef95e974701a86abf7d68e153f7f93c8"
canonical = "sha256:b2e06d97a1c83056d0c36a39d6fa93956b16d6016a2b8ed1284f250d81fd494d"
model-visible = "sha256:fcef1e83518260cca551fbe0465f02d9b6facdd59fd5fda4ef5ed10055d02191"
resource-manifest = "sha256:f95112d86fe2949c038a31c82594e2030fe90562bc2d6898f7e65c67d7efdef9"

[[trait]]
id = "implement"
variant = "strict"
requested-version = "0.24.0"
resolved-version = "0.24.0"

[trait.digests]
source = "sha256:e29b1e7ef0cce2ae9d9fabbed606b53f549d5d2992f9e1c1abb60ee328c1154a"
canonical = "sha256:c109de64725be6eb329a7a9748b5b95f283bca95b72ec64d9ce9f131966a43bd"
model-visible = "sha256:e9a95dfe8205c645f2117f70021826d3878c91d8cdd8ee0dc89708b5a0d74bd1"
resource-manifest = "sha256:f95112d86fe2949c038a31c82594e2030fe90562bc2d6898f7e65c67d7efdef9"
