[metadata]
schema-version = "0.1"
generated-by = "ctx traits sync"
generated-at = "not-recorded"

[[trait]]
id = "implement"
variant = "basic"
requested-version = "0.25.0"
resolved-version = "0.25.0"

[trait.digests]
source = "sha256:2f27debefb5855039b33659402922383c27292ea52f1774f56d433c343214d5b"
canonical = "sha256:fbe5d272a39e1a15d43e9833863d620484632cb09d9d1328287d2630aed0dbd8"
model-visible = "sha256:523ad29f48d92bc219d2a398c649bbebf74231a1b4a2411b686de9ef6b2c43aa"
resource-manifest = "sha256:f95112d86fe2949c038a31c82594e2030fe90562bc2d6898f7e65c67d7efdef9"

[[trait.export]]
target = "agent-skills"
path = ".agents/skills/implement-basic/SKILL.md"
digest = "sha256:d460f2b82c003f747a98762ae16a81416e2b10ad331399fda7639e6a59c9744e"

[[trait.projection]]
target-profile = "agent-skills"
renderer-version = "0.2.4"
profile-version = "agent-skills"

[trait.projection.digests]
source = "sha256:297581954d31cbed28a2dab5ea67e89038c8a2ed7f41bc37a3b33e35fcd03039"
canonical = "sha256:3fc39bdd99ded26f9d207be4ca1c151767c2e569472b09d58e5607c152511300"
model-visible = "sha256:82cb4cf25b629290e1f9d71dd5302062b33a23382fa1d2e32f3a3e51284875be"
render = "sha256:d445dbfe50ac6d2cb993f54276bc1d25d721342d7c4d9aadc063f7076ba33864"
generated-markdown = "sha256:d460f2b82c003f747a98762ae16a81416e2b10ad331399fda7639e6a59c9744e"

[trait.projection.warnings]
semantic-loss = ["agent: agent-skills static render cannot enforce multi-agent frame routing; ctx runtime assignments and caller identity are required"]
advisory-policy = [
    "port.commit-report output contract has no title",
    "port.commit-report output contract has no format guidance",
    'section "Procedure" redacted: 1 blocking finding(s) remained after field sanitation',
]

[trait.projection.static-output]
drift-status = "in-sync"
path = "./.agents/skills/implement-basic/SKILL.md"

[trait.projection.provenance]
command = "ctx traits export --update-skill-lock"
profile = "agent-skills"
options = ["--profile=agent-skills"]

[[trait]]
id = "implement"
variant = "complex"
requested-version = "0.25.0"
resolved-version = "0.25.0"

[trait.digests]
source = "sha256:a90948b5f6286853383a6b70911cf672ccf6ff52baf4845a638edb561fbcc387"
canonical = "sha256:ecdb733fbbf9b6499c373bf111e605a8091fe5613e5c41b9ed94bf34eebbfa68"
model-visible = "sha256:58d589a488b8462b0644dbf628a8e4518f0e5b7c80baaa5b2daee0abb4a3fb05"
resource-manifest = "sha256:f95112d86fe2949c038a31c82594e2030fe90562bc2d6898f7e65c67d7efdef9"

[[trait.export]]
target = "agent-skills"
path = ".agents/skills/implement-complex/SKILL.md"
digest = "sha256:68daefd4f71ab0c1564de507a31c98d9766ff64021ca682d069da87a327575fc"

[[trait.projection]]
target-profile = "agent-skills"
renderer-version = "0.2.4"
profile-version = "agent-skills"

[trait.projection.digests]
source = "sha256:b4da83a2bebc88b1a78af6ea88aeab658b4fcf0dd5364b907c4ed8b61f704f6a"
canonical = "sha256:8f181f39f442f1e1001af6a6ed8daf51f74a55bbeccbabef04fbd589b2c093e5"
model-visible = "sha256:2d57b31ce8586da8c02528fd74671f220ad2b4ad253e6b98366d854185ac413d"
render = "sha256:53623b7ef045c2343efd424bb82f1db209c8a76893e92e6d7f787e25c6727c87"
generated-markdown = "sha256:68daefd4f71ab0c1564de507a31c98d9766ff64021ca682d069da87a327575fc"

[trait.projection.warnings]
semantic-loss = ["agent: agent-skills static render cannot enforce multi-agent frame routing; ctx runtime assignments and caller identity are required"]
advisory-policy = [
    "port.commit-report output contract has no title",
    "port.commit-report output contract has no format guidance",
]

[trait.projection.static-output]
drift-status = "in-sync"
path = "./.agents/skills/implement-complex/SKILL.md"

[trait.projection.provenance]
command = "ctx traits export --update-skill-lock"
profile = "agent-skills"
options = ["--profile=agent-skills"]

[[trait]]
id = "implement"
variant = "default"
requested-version = "0.25.0"
resolved-version = "0.25.0"

[trait.digests]
source = "sha256:f24f22e5a497c3dfbe3dc2b8ffa22e5ec21c0415b4e1da713fc1bf1fe7b5519e"
canonical = "sha256:928f7830c28f712460587212a4684ddd3072ed87fb171676e6350d491ab88ca8"
model-visible = "sha256:18adafd66c422435f1ad5cd60e466281cd455b7f407e86eb54bec36c6c9ddaca"
resource-manifest = "sha256:f95112d86fe2949c038a31c82594e2030fe90562bc2d6898f7e65c67d7efdef9"

[[trait.export]]
target = "agent-skills"
path = ".agents/skills/implement-default/SKILL.md"
digest = "sha256:4fa76220acf1ee09b40b15c8070e942ae5a7f83f356acc12db91ca758e177f6f"

[[trait.projection]]
target-profile = "agent-skills"
renderer-version = "0.2.4"
profile-version = "agent-skills"

[trait.projection.digests]
source = "sha256:f24f22e5a497c3dfbe3dc2b8ffa22e5ec21c0415b4e1da713fc1bf1fe7b5519e"
canonical = "sha256:928f7830c28f712460587212a4684ddd3072ed87fb171676e6350d491ab88ca8"
model-visible = "sha256:18adafd66c422435f1ad5cd60e466281cd455b7f407e86eb54bec36c6c9ddaca"
render = "sha256:0b6de503434aef95f8ccc8118609ff15f9fa810589669bf5d42c1aa9384c8129"
generated-markdown = "sha256:4fa76220acf1ee09b40b15c8070e942ae5a7f83f356acc12db91ca758e177f6f"

[trait.projection.warnings]
semantic-loss = ["agent: agent-skills static render cannot enforce multi-agent frame routing; ctx runtime assignments and caller identity are required"]
advisory-policy = [
    "port.commit-report output contract has no title",
    "port.commit-report output contract has no format guidance",
]

[trait.projection.static-output]
drift-status = "in-sync"
path = "./.agents/skills/implement-default/SKILL.md"

[trait.projection.provenance]
command = "ctx traits export --update-skill-lock"
profile = "agent-skills"
options = ["--profile=agent-skills"]

[[trait]]
id = "implement"
variant = "gated"
requested-version = "0.24.0"
resolved-version = "0.24.0"

[trait.digests]
source = "sha256:7b27001e1798d49815333e1d2f0242baff4382c00909d923fc9f87fbc21463f5"
canonical = "sha256:76e6b3c38847a94ad1564398f9a96c78223be5100084bbc56fd43bf1aeb1c4b3"
model-visible = "sha256:303a471214a72aa2476595fd4b9fce54ba21962fc6422d1571dfd7ab1334144d"
resource-manifest = "sha256:f95112d86fe2949c038a31c82594e2030fe90562bc2d6898f7e65c67d7efdef9"

[[trait]]
id = "implement"
variant = "guarded"
requested-version = "0.24.0"
resolved-version = "0.24.0"

[trait.digests]
source = "sha256:65e63992af65807e6d0f6ba8b4e84352d52454c9bb21f41a1cd535b05a34e5da"
canonical = "sha256:1f213fbd7f1da27dd0ed9aec8a0e58edf5cc874130c8c5c0f41f241e2de49f4f"
model-visible = "sha256:427660ce3703a5a1f29ceeee90b0b3230aac31eacdfac76446ed4a50628247e3"
resource-manifest = "sha256:f95112d86fe2949c038a31c82594e2030fe90562bc2d6898f7e65c67d7efdef9"

[[trait]]
id = "implement"
variant = "implement"
requested-version = "0.25.0"
resolved-version = "0.25.0"

[trait.digests]
source = "sha256:3e78e34e32bb43e37c654ff1d2543e5dc3cf6f31ca5c2e51a38b97d967031db3"
canonical = "sha256:a18db2c89d8e848887f044f127805ce884b7b3fb64a1e1cb7711ce41e08631c9"
model-visible = "sha256:18adafd66c422435f1ad5cd60e466281cd455b7f407e86eb54bec36c6c9ddaca"
resource-manifest = "sha256:f95112d86fe2949c038a31c82594e2030fe90562bc2d6898f7e65c67d7efdef9"

[[trait.export]]
target = "agent-skills"
path = ".agents/skills/implement-implement/SKILL.md"
digest = "sha256:f684f504e80eb2ed3302b2d51250fab35da9ae83effac30acbc90dc156d0632c"

[[trait.projection]]
target-profile = "agent-skills"
renderer-version = "0.2.4"
profile-version = "agent-skills"

[trait.projection.digests]
source = "sha256:3e78e34e32bb43e37c654ff1d2543e5dc3cf6f31ca5c2e51a38b97d967031db3"
canonical = "sha256:a18db2c89d8e848887f044f127805ce884b7b3fb64a1e1cb7711ce41e08631c9"
model-visible = "sha256:18adafd66c422435f1ad5cd60e466281cd455b7f407e86eb54bec36c6c9ddaca"
render = "sha256:42d5f38bdab0e5af47cdf99139d3a52324fe66709f502652c188427ff19c9568"
generated-markdown = "sha256:f684f504e80eb2ed3302b2d51250fab35da9ae83effac30acbc90dc156d0632c"

[trait.projection.warnings]
semantic-loss = ["agent: agent-skills static render cannot enforce multi-agent frame routing; ctx runtime assignments and caller identity are required"]
advisory-policy = [
    "port.commit-report output contract has no title",
    "port.commit-report output contract has no format guidance",
]

[trait.projection.static-output]
drift-status = "in-sync"
path = "./.agents/skills/implement-implement/SKILL.md"

[trait.projection.provenance]
command = "ctx traits export --update-skill-lock"
profile = "agent-skills"
options = ["--profile=agent-skills"]

[[trait]]
id = "implement"
variant = "implement-complex"
requested-version = "0.25.0"
resolved-version = "0.25.0"

[trait.digests]
source = "sha256:7cc8281ed8eb36e6c1cfe68e6f01ab8eccf2fed609c7ca7c465ca4ab839419b9"
canonical = "sha256:25277d9a52b990b1aa523262436149c6281288795b28554cc50037aaa1475169"
model-visible = "sha256:902b2bfdc25e0f13fa7999fab919b1210376c355065f70e4eff09baac1d7c500"
resource-manifest = "sha256:f95112d86fe2949c038a31c82594e2030fe90562bc2d6898f7e65c67d7efdef9"

[[trait]]
id = "implement"
variant = "implement-quick"
requested-version = "0.25.0"
resolved-version = "0.25.0"

[trait.digests]
source = "sha256:9f6e8356ba08aed1109ec2bd7e53557d9f263b0a89f9831c8829b23b1bc16b71"
canonical = "sha256:471cf80d8a1f6b37af6f26e030b5a2ed88fb3ed19a79ae95fea0ba7813ad5c6c"
model-visible = "sha256:fc2513cb5c556edc173ed4edeadf6be8fa9719c8449a0b317c3dcb1b78ea261a"
resource-manifest = "sha256:f95112d86fe2949c038a31c82594e2030fe90562bc2d6898f7e65c67d7efdef9"

[[trait]]
id = "implement"
variant = "phase"
requested-version = "0.24.0"
resolved-version = "0.24.0"

[trait.digests]
source = "sha256:994230e489cd67cb02671942abfdb62dfdd181150f21ac78a1880eb386ee512b"
canonical = "sha256:394eb2d23f4a696d7f773a96ffdf6e76b93266e25974ad0e2b6b1f7c46b1508d"
model-visible = "sha256:b72727c175de86087c448fce0885ba37e12688d97c10014babd72425a6b166f0"
resource-manifest = "sha256:6dcb074372952eecf2c308a01aa9944a5b9b1e87eefd18423542401d8e0a3470"

[[trait.export]]
target = "agent-skills"
path = ".agents/skills/implement-phase/SKILL.md"
digest = "sha256:40f5078b464b7cd67a2f2dbeaa11988268bcc8f33a0edd4b4c6ddf52a26d3b29"

[[trait]]
id = "implement"
variant = "quick"
requested-version = "0.25.0"
resolved-version = "0.25.0"

[trait.digests]
source = "sha256:d56f3e1b878bb299dc711530fdd43e83846c6f89356db7108cd33036bd94506e"
canonical = "sha256:56e05d627a78abb3ce01b776c8da6f608d514d3342780b221c4e007a013cfbc0"
model-visible = "sha256:5af8d3394115226f22a67cfb81d95e8d1b4d881f62dbe7e9b226e3aaa086b206"
resource-manifest = "sha256:f95112d86fe2949c038a31c82594e2030fe90562bc2d6898f7e65c67d7efdef9"

[[trait.export]]
target = "agent-skills"
path = ".agents/skills/implement-quick/SKILL.md"
digest = "sha256:3c89e8d28f4c89dd7a2ddc2061f71a2258c8b5a4abdcc3b562c4d50986c734e5"

[[trait.projection]]
target-profile = "agent-skills"
renderer-version = "0.2.4"
profile-version = "agent-skills"

[trait.projection.digests]
source = "sha256:29b92f1d73461bbb0b5e5664c3676c97a111783e68df5e1fee0199710dff55e3"
canonical = "sha256:fcbc254dc0856f508a107b89f86a6265928b5717b3e317449efe306bdf739317"
model-visible = "sha256:d4d845c5a2e1b06092f7106ad7b8db161591ae1d05f8a46a9ad6f8a967a278cd"
render = "sha256:8595b8a787f179423e469c8d85b068b11af6278e3b4257e2ca142d5c82437507"
generated-markdown = "sha256:3c89e8d28f4c89dd7a2ddc2061f71a2258c8b5a4abdcc3b562c4d50986c734e5"

[trait.projection.warnings]
semantic-loss = ["agent: agent-skills static render cannot enforce multi-agent frame routing; ctx runtime assignments and caller identity are required"]
advisory-policy = [
    "port.commit-report output contract has no title",
    "port.commit-report output contract has no format guidance",
]

[trait.projection.static-output]
drift-status = "in-sync"
path = "./.agents/skills/implement-quick/SKILL.md"

[trait.projection.provenance]
command = "ctx traits export --update-skill-lock"
profile = "agent-skills"
options = ["--profile=agent-skills"]

[[trait]]
id = "implement"
variant = "smart"
requested-version = "0.24.0"
resolved-version = "0.24.0"

[trait.digests]
source = "sha256:021954caf81cfac2613a37a86a651850ef95e974701a86abf7d68e153f7f93c8"
canonical = "sha256:b2e06d97a1c83056d0c36a39d6fa93956b16d6016a2b8ed1284f250d81fd494d"
model-visible = "sha256:fcef1e83518260cca551fbe0465f02d9b6facdd59fd5fda4ef5ed10055d02191"
resource-manifest = "sha256:f95112d86fe2949c038a31c82594e2030fe90562bc2d6898f7e65c67d7efdef9"

[[trait.export]]
target = "agent-skills"
path = ".agents/skills/implement-smart/SKILL.md"
digest = "sha256:304170d8d6d27ac8af175bc15b04d01c79c086e0b904f4f29319aa2464d01110"

[[trait]]
id = "implement"
variant = "strict"
requested-version = "0.24.0"
resolved-version = "0.24.0"

[trait.digests]
source = "sha256:e29b1e7ef0cce2ae9d9fabbed606b53f549d5d2992f9e1c1abb60ee328c1154a"
canonical = "sha256:c109de64725be6eb329a7a9748b5b95f283bca95b72ec64d9ce9f131966a43bd"
model-visible = "sha256:e9a95dfe8205c645f2117f70021826d3878c91d8cdd8ee0dc89708b5a0d74bd1"
resource-manifest = "sha256:f95112d86fe2949c038a31c82594e2030fe90562bc2d6898f7e65c67d7efdef9"

[[trait.export]]
target = "agent-skills"
path = ".agents/skills/implement-strict/SKILL.md"
digest = "sha256:8d7576a64e84951f86bd1ffa4c7b22891a6d9f99bf93c7ec19b174d13350e1cd"
