[metadata]
schema-version = "0.1"
generated-by = "ctx traits sync"
generated-at = "not-recorded"

[[trait]]
id = "implement"
variant = "default"
requested-version = "0.24.0"
resolved-version = "0.24.0"

[trait.digests]
source = "sha256:065c481c19d48f4276013e03934c54bf1fd8ee23d66a390b685960c8e7b140d2"
canonical = "sha256:0df996842cafbf8633d071ea0caa37d93cf1b1014bd9110549183f41c737d176"
model-visible = "sha256:fd9a2a4575c2ed7926c839632e6d2d44dd194b9ab7233d052884badb0e043f83"
resource-manifest = "sha256:f95112d86fe2949c038a31c82594e2030fe90562bc2d6898f7e65c67d7efdef9"

[[trait.export]]
target = "agent-skills"
path = ".agents/skills/implement-default/SKILL.md"
digest = "sha256:0dd282594e50f06611214a916e4712621e075f28b4f0103e160b73363f52f500"

[[trait.projection]]
target-profile = "agent-skills"
renderer-version = "0.1.0-alpha.1"
profile-version = "agent-skills"

[trait.projection.digests]
source = "sha256:065c481c19d48f4276013e03934c54bf1fd8ee23d66a390b685960c8e7b140d2"
canonical = "sha256:0df996842cafbf8633d071ea0caa37d93cf1b1014bd9110549183f41c737d176"
model-visible = "sha256:fd9a2a4575c2ed7926c839632e6d2d44dd194b9ab7233d052884badb0e043f83"
render = "sha256:1165b3d31c64fbd2c0744394212d32866c10a7b4a6c05a4d7f2b2164691c2e56"
generated-markdown = "sha256:0dd282594e50f06611214a916e4712621e075f28b4f0103e160b73363f52f500"

[trait.projection.warnings]
semantic-loss = ["agent: agent-skills static render cannot enforce multi-agent frame routing; ctx runtime assignments and caller identity are required"]
advisory-policy = [
    "port.commit-report output contract has no title",
    "port.commit-report output contract has no format guidance",
]

[trait.projection.static-output]
drift-status = "in-sync"
path = "./.agents/skills/implement-default/SKILL.md"

[trait.projection.provenance]
command = "ctx traits export --update-skill-lock"
profile = "agent-skills"
options = ["--profile=agent-skills"]

[[trait]]
id = "implement"
variant = "gated"
requested-version = "0.24.0"
resolved-version = "0.24.0"

[trait.digests]
source = "sha256:7b27001e1798d49815333e1d2f0242baff4382c00909d923fc9f87fbc21463f5"
canonical = "sha256:76e6b3c38847a94ad1564398f9a96c78223be5100084bbc56fd43bf1aeb1c4b3"
model-visible = "sha256:303a471214a72aa2476595fd4b9fce54ba21962fc6422d1571dfd7ab1334144d"
resource-manifest = "sha256:f95112d86fe2949c038a31c82594e2030fe90562bc2d6898f7e65c67d7efdef9"

[[trait]]
id = "implement"
variant = "guarded"
requested-version = "0.24.0"
resolved-version = "0.24.0"

[trait.digests]
source = "sha256:65e63992af65807e6d0f6ba8b4e84352d52454c9bb21f41a1cd535b05a34e5da"
canonical = "sha256:1f213fbd7f1da27dd0ed9aec8a0e58edf5cc874130c8c5c0f41f241e2de49f4f"
model-visible = "sha256:427660ce3703a5a1f29ceeee90b0b3230aac31eacdfac76446ed4a50628247e3"
resource-manifest = "sha256:f95112d86fe2949c038a31c82594e2030fe90562bc2d6898f7e65c67d7efdef9"

[[trait]]
id = "implement"
variant = "phase"
requested-version = "0.24.0"
resolved-version = "0.24.0"

[trait.digests]
source = "sha256:994230e489cd67cb02671942abfdb62dfdd181150f21ac78a1880eb386ee512b"
canonical = "sha256:394eb2d23f4a696d7f773a96ffdf6e76b93266e25974ad0e2b6b1f7c46b1508d"
model-visible = "sha256:b72727c175de86087c448fce0885ba37e12688d97c10014babd72425a6b166f0"
resource-manifest = "sha256:6dcb074372952eecf2c308a01aa9944a5b9b1e87eefd18423542401d8e0a3470"

[[trait.export]]
target = "agent-skills"
path = ".agents/skills/implement-phase/SKILL.md"
digest = "sha256:40f5078b464b7cd67a2f2dbeaa11988268bcc8f33a0edd4b4c6ddf52a26d3b29"

[[trait]]
id = "implement"
variant = "quick"
requested-version = "0.24.0"
resolved-version = "0.24.0"

[trait.digests]
source = "sha256:d78f90055dda6bfbf334f3fd9df5c0b66c1c2a18f6f0d3cf5ef73f884e40bac6"
canonical = "sha256:b9624938c311207fdf6b2a60ef2b26787c7b69e33fe673860f6b895ba89a3972"
model-visible = "sha256:4bbe90dbc0e8313009d578b013e80257c3e7c5698d24d3ad264e29003591332e"
resource-manifest = "sha256:f95112d86fe2949c038a31c82594e2030fe90562bc2d6898f7e65c67d7efdef9"

[[trait.export]]
target = "agent-skills"
path = ".agents/skills/implement-quick/SKILL.md"
digest = "sha256:855bf4f6320842339a89f85b00d858a770da79be2c201ca392e152c44d4a764b"

[[trait]]
id = "implement"
variant = "smart"
requested-version = "0.24.0"
resolved-version = "0.24.0"

[trait.digests]
source = "sha256:021954caf81cfac2613a37a86a651850ef95e974701a86abf7d68e153f7f93c8"
canonical = "sha256:b2e06d97a1c83056d0c36a39d6fa93956b16d6016a2b8ed1284f250d81fd494d"
model-visible = "sha256:fcef1e83518260cca551fbe0465f02d9b6facdd59fd5fda4ef5ed10055d02191"
resource-manifest = "sha256:f95112d86fe2949c038a31c82594e2030fe90562bc2d6898f7e65c67d7efdef9"

[[trait.export]]
target = "agent-skills"
path = ".agents/skills/implement-smart/SKILL.md"
digest = "sha256:304170d8d6d27ac8af175bc15b04d01c79c086e0b904f4f29319aa2464d01110"

[[trait]]
id = "implement"
variant = "strict"
requested-version = "0.24.0"
resolved-version = "0.24.0"

[trait.digests]
source = "sha256:e29b1e7ef0cce2ae9d9fabbed606b53f549d5d2992f9e1c1abb60ee328c1154a"
canonical = "sha256:c109de64725be6eb329a7a9748b5b95f283bca95b72ec64d9ce9f131966a43bd"
model-visible = "sha256:e9a95dfe8205c645f2117f70021826d3878c91d8cdd8ee0dc89708b5a0d74bd1"
resource-manifest = "sha256:f95112d86fe2949c038a31c82594e2030fe90562bc2d6898f7e65c67d7efdef9"

[[trait.export]]
target = "agent-skills"
path = ".agents/skills/implement-strict/SKILL.md"
digest = "sha256:8d7576a64e84951f86bd1ffa4c7b22891a6d9f99bf93c7ec19b174d13350e1cd"
