[metadata]
schema-version = "0.1"
generated-by = "ctx traits sync"
generated-at = "not-recorded"

[[trait]]
id = "deep-research"
requested-version = "0.2.0"
resolved-version = "0.2.0"

[trait.digests]
source = "sha256:e8125db9472b13fbd942ba397739255644035229452f0c769b37dbfee8dc0bf8"
canonical = "sha256:3cf1f3a693794a43f8c8e0f15a62c82134b7295c01e54d0560d2e0462fdbd1a0"
model-visible = "sha256:9fe60e02029786d9e7ed793d25251e85bb1b222030d3973f0128e9f39f2cc7a5"
resource-manifest = "sha256:e71c53162c005e5944a8674f0973ce4796da23d1c68f922cbf485428e81c5c40"

[[trait.export]]
target = "agent-skills"
path = ".agents/skills/deep-research/SKILL.md"
digest = "sha256:af36a89b7805e92de5da3429032de3a9b30ee07ce90614b5371a1c7a28884f73"
