[metadata]
schema-version = "0.1"
generated-by = "ctx traits sync"
generated-at = "not-recorded"

[[trait]]
id = "deep-research"
requested-version = "0.2.0"
resolved-version = "0.2.0"

[trait.digests]
source = "sha256:95c09777cc61d4fdb6ca7f8e4be6e3ed2c3bcb69fd92f4c08c504a367f55f0e4"
canonical = "sha256:b672355c92f7700c366ed1b0a5e5ab5bd982a2c1aa1014ce8a319be96ae3ea1a"
model-visible = "sha256:3540fb11a246bea43f3f00d3263f3b4d2085a6cbd7661dd8c8e8c49fa9fadef1"
resource-manifest = "sha256:e71c53162c005e5944a8674f0973ce4796da23d1c68f922cbf485428e81c5c40"

[[trait.export]]
target = "agent-skills"
path = ".agents/skills/deep-research/SKILL.md"
digest = "sha256:af36a89b7805e92de5da3429032de3a9b30ee07ce90614b5371a1c7a28884f73"
