[metadata]
schema-version = "0.1"
generated-by = "ctx traits sync"
generated-at = "not-recorded"

[[trait]]
id = "code-review"
requested-version = "0.1.0"
resolved-version = "0.1.0"

[trait.digests]
source = "sha256:c73954637c0015ccc5c365ee8159246fa4c623a81f820b1435d3de8c397d8704"
canonical = "sha256:7f2dd4780d2368c1d64ef43338fc6bb5ed71155ee7c7e74e654f485f55f08c00"
model-visible = "sha256:20bbb47b6962ff152c81555b1e5aab99fce41df4c4345da984a26c9c2ebff935"
resource-manifest = "sha256:1792c5e0cda41be921ea3f6bcbd674210ad4f3c2848fa2c491fa8647cd29aa37"
