[metadata]
schema-version = "0.1"
generated-by = "ctx traits sync"
generated-at = "not-recorded"

[[trait]]
id = "code-review"
requested-version = "0.1.0"
resolved-version = "0.1.0"

[trait.digests]
source = "sha256:6938b7bc12b709b934bfd20403ed199cbb9b5a34629a602fc32eaf7f322e517a"
canonical = "sha256:cd292d532354aa47348e7af8041f64e829587cac1351149e405abf40288dcbd3"
model-visible = "sha256:ae1ba4f98de08c82f0fa4ce198226ff571b1c5e29a811d195eb4ce34d7aebb0d"
resource-manifest = "sha256:1792c5e0cda41be921ea3f6bcbd674210ad4f3c2848fa2c491fa8647cd29aa37"
