[metadata]
schema-version = "0.1"
generated-by = "ctx traits sync"
generated-at = "not-recorded"

[[trait]]
id = "plannotate"
requested-version = "0.2.0"
resolved-version = "0.2.0"

[trait.digests]
source = "sha256:121e5f88e834101e2af2b5f9dc299e464cc38f5aba32bfc44c77ba1dcfd10d32"
canonical = "sha256:ce7318cf199d58bc975346ca5a8db853ab53acc5051bdaee7aa2a1f746b334e2"
model-visible = "sha256:81cdeee83203b29fbb30fd99a36d6765356b9f9ab3afc8658fe8d35ce6725ed3"
resource-manifest = "sha256:772c103b2a4ca1570d4babb215822d9f098166cb29e64408a4f0442c6debacb3"
