[metadata]
schema-version = "0.1"
generated-by = "ctx traits sync"
generated-at = "not-recorded"

[[trait]]
id = "plannotate"
requested-version = "0.2.0"
resolved-version = "0.2.0"

[trait.digests]
source = "sha256:28e692e6a4363ba884221a2e618b9a75f5efce5e6234507bed1af34851bc9128"
canonical = "sha256:225f11b079b2047566ddbcec60e2c8ed1a16a001f6cb1e8414ad333a9a2fe3e0"
model-visible = "sha256:81cdeee83203b29fbb30fd99a36d6765356b9f9ab3afc8658fe8d35ce6725ed3"
resource-manifest = "sha256:772c103b2a4ca1570d4babb215822d9f098166cb29e64408a4f0442c6debacb3"
