[metadata]
schema-version = "0.1"
generated-by = "ctx traits sync"
generated-at = "not-recorded"

[[trait]]
id = "test-writer"
requested-version = "0.1.0"
resolved-version = "0.1.0"

[trait.digests]
source = "sha256:944591707d068b296632c633a7940600869a1324e14337e399c5a28683f4d4a6"
canonical = "sha256:8aa923b3742c1d50fd9f375ab9dcbd2304737bae415c83e29777316a9113d196"
model-visible = "sha256:ba7be7c0bf212617803c4973e537f94c17b44a198e61c18e896a726087887cf0"
resource-manifest = "sha256:ff5a966e195db204a84c011555c75478cad92ac2b215257721d3a282fc3a8443"
