[metadata]
schema-version = "0.1"
generated-by = "ctx traits sync"
generated-at = "not-recorded"

[[trait]]
id = "auto-research"
requested-version = "0.1.0"
resolved-version = "0.1.0"

[trait.digests]
source = "sha256:5d9b5e526d37977491a4fe581a482da3f8c20b5f8215faa9e7c6d98c92ac3d33"
canonical = "sha256:0da0cccf5fee718d850bbac9afb8e4e226d865ca8c2113667609c303ad7f32a8"
model-visible = "sha256:f88e1cabc3033b2ee630dd2e32bf3423e06a4b4d07507ed461c9e88cfdf2eaaf"
resource-manifest = "sha256:6e512d7cfa9a61bf268c61988d52b78573ddccc0c1d58709f73fc21b979a963f"

[[trait.export]]
target = "agent-skills"
path = ".agents/skills/auto-research/SKILL.md"
digest = "sha256:b0a73b51623a81fa38e552dcce303c9a50898df6e6201487979dc5e946a3cd0c"
