[metadata]
schema-version = "0.1"
generated-by = "ctx traits sync"
generated-at = "not-recorded"

[[trait]]
id = "auto-research"
requested-version = "0.1.0"
resolved-version = "0.1.0"

[trait.digests]
source = "sha256:f1740bc150bf13a48b70b3e59e801ed379082ea60667aa9f30f04462db7e0799"
canonical = "sha256:aa1e5201d66fb1dbfa6af6449d6eb5b5e35cc4d5a4a618998a0f68cd5fddde9e"
model-visible = "sha256:c626ababcccf61c36602df5babf82caf0e5958146b1e2e71eb2c128b40ade044"
resource-manifest = "sha256:6e512d7cfa9a61bf268c61988d52b78573ddccc0c1d58709f73fc21b979a963f"

[[trait.export]]
target = "agent-skills"
path = ".agents/skills/auto-research/SKILL.md"
digest = "sha256:b0a73b51623a81fa38e552dcce303c9a50898df6e6201487979dc5e946a3cd0c"
