[metadata]
schema-version = "0.1"
generated-by = "ctx traits sync"
generated-at = "not-recorded"

[[trait]]
id = "auto-research"
requested-version = "0.1.0"
resolved-version = "0.1.0"

[trait.digests]
source = "sha256:f3a7c705a5c02435a0d920132277a15a2908ecf0f2c347f6e8579ac373e01439"
canonical = "sha256:343e7ba86edfaf7cbacba7d983806d9daf4bd8ec4ee8b052fb26f385c1c6dc9b"
model-visible = "sha256:85b2e395ef84a79e039691c5b432af98851eda5e4b6653018c9093ccad453485"
resource-manifest = "sha256:6e512d7cfa9a61bf268c61988d52b78573ddccc0c1d58709f73fc21b979a963f"

[[trait.export]]
target = "agent-skills"
path = ".agents/skills/auto-research/SKILL.md"
digest = "sha256:b0a73b51623a81fa38e552dcce303c9a50898df6e6201487979dc5e946a3cd0c"
