[metadata]
schema-version = "0.1"
generated-by = "ctx traits sync"
generated-at = "not-recorded"

[[trait]]
id = "plain"
requested-version = "0.1.0"
resolved-version = "0.1.0"

[trait.digests]
source = "sha256:bd4a4bb78b8db068201ae7a8429b75e4021d98f47ec1e8055e63edab8c9e37ca"
canonical = "sha256:406dcd6b8bf04c49286527803d46a441e80736ced21e1255312d8781f1fab84b"
model-visible = "sha256:9048151bc03ba504116147124696b1f873fba9fb96be88fb8344ca00f70eec5b"
resource-manifest = "sha256:3c842afa2d8116e5774733836f1e2f7ab54098e71057bea46970838a24f07771"
