[metadata]
schema-version = "0.1"
generated-by = "ctx traits sync"
generated-at = "not-recorded"

[[trait]]
id = "implement"
variant = "default"
requested-version = "0.20.0"
resolved-version = "0.20.0"

[trait.digests]
source = "sha256:c52bd2f4fb8b3567990f5680d2e383df9f33135e26d3680ba2fec472e9e848d2"
canonical = "sha256:d81109d8988dde263a6097c5636965a9be61041d96f6523576ae2978edda210f"
model-visible = "sha256:2f7497166b13446fc59e7994b124af46d5e6195fabb033fdd88d9bcbd11976e6"
resource-manifest = "sha256:f95112d86fe2949c038a31c82594e2030fe90562bc2d6898f7e65c67d7efdef9"

[[trait.export]]
target = "agent-skills"
path = ".agents/skills/implement-default/SKILL.md"
digest = "sha256:1d1c2103a7fc5877390bc5335fda3ab31a1973119d61597e5b5d9ac89af112cd"

[[trait]]
id = "implement"
variant = "phase"
requested-version = "0.20.0"
resolved-version = "0.20.0"

[trait.digests]
source = "sha256:a0f29222cffb3860049161176342f273c4c2e0bdb2a739995fce71509e2796b7"
canonical = "sha256:ff025b82ffe22b2cb610b6a16cb247576f446bd4c5c1c1052088aa66137fd1ef"
model-visible = "sha256:7d1ef03170fcd9a96fdae7a5ec31e9f71a6ff9a8f0f134a1f69c16c015541f5b"
resource-manifest = "sha256:6dcb074372952eecf2c308a01aa9944a5b9b1e87eefd18423542401d8e0a3470"

[[trait.export]]
target = "agent-skills"
path = ".agents/skills/implement-phase/SKILL.md"
digest = "sha256:40f5078b464b7cd67a2f2dbeaa11988268bcc8f33a0edd4b4c6ddf52a26d3b29"

[[trait]]
id = "implement"
variant = "quick"
requested-version = "0.20.0"
resolved-version = "0.20.0"

[trait.digests]
source = "sha256:df40ca1b73a65d83835d900f4e9e2758623e6be42a3ec91f5032a411380ae02e"
canonical = "sha256:603792f41313a144ac767f6a4524ce6fd367385edeeebc58432da11d1ad0dc72"
model-visible = "sha256:985c7eed10764b624fb5d1685647bc9900bc69e7aa26f5d9cf9e0f5032b91f24"
resource-manifest = "sha256:f95112d86fe2949c038a31c82594e2030fe90562bc2d6898f7e65c67d7efdef9"

[[trait.export]]
target = "agent-skills"
path = ".agents/skills/implement-quick/SKILL.md"
digest = "sha256:855bf4f6320842339a89f85b00d858a770da79be2c201ca392e152c44d4a764b"

[[trait]]
id = "implement"
variant = "smart"
requested-version = "0.20.0"
resolved-version = "0.20.0"

[trait.digests]
source = "sha256:9bd2a1169cac5c93504321a6f846e53a195fc165fb29efd40227109dfc37fd80"
canonical = "sha256:5cb5187da7f352b0a1c10124474faad0d7d360787739792332df7660c655ee41"
model-visible = "sha256:6a24140bf1f86a71557fed5020d27b07dd1a0c35102d9caddfef424f62f13e0b"
resource-manifest = "sha256:f95112d86fe2949c038a31c82594e2030fe90562bc2d6898f7e65c67d7efdef9"

[[trait.export]]
target = "agent-skills"
path = ".agents/skills/implement-smart/SKILL.md"
digest = "sha256:304170d8d6d27ac8af175bc15b04d01c79c086e0b904f4f29319aa2464d01110"

[[trait]]
id = "implement"
variant = "strict"
requested-version = "0.20.0"
resolved-version = "0.20.0"

[trait.digests]
source = "sha256:2e1966418022aeaf63a530e5d23d698a1c7a3a43d5eeb6b73e2b3918cc082403"
canonical = "sha256:2db9aee88688c054ce8bd81d65fc434859e73b34798a2e5795802f71a1eb8094"
model-visible = "sha256:567b7919029bae50cc6e96c11d4204a320f3247c38352ebe9c5b92a42dad8924"
resource-manifest = "sha256:f95112d86fe2949c038a31c82594e2030fe90562bc2d6898f7e65c67d7efdef9"

[[trait.export]]
target = "agent-skills"
path = ".agents/skills/implement-strict/SKILL.md"
digest = "sha256:8d7576a64e84951f86bd1ffa4c7b22891a6d9f99bf93c7ec19b174d13350e1cd"
