[metadata]
schema-version = "0.1"
generated-by = "ctx traits sync"
generated-at = "not-recorded"

[[trait]]
id = "implement"
variant = "default"
requested-version = "0.20.0"
resolved-version = "0.20.0"

[trait.digests]
source = "sha256:18257bee0c50154fd83438f0b9406396b57350a546c549925d20d25292a35d4f"
canonical = "sha256:150a4fe64e664a57c018834606a7247b3e183877df28baadba8c2e9c55a9d7de"
model-visible = "sha256:0b7e5b0f6eb36123efa294914e0316bbb7640100f6360651372f29da724e14ae"
resource-manifest = "sha256:f95112d86fe2949c038a31c82594e2030fe90562bc2d6898f7e65c67d7efdef9"

[[trait.export]]
target = "agent-skills"
path = ".agents/skills/implement-default/SKILL.md"
digest = "sha256:8df04ca431d0c8c0a6b17a375d6a90c6db6c131519c844782418076910885ea1"

[[trait.projection]]
target-profile = "agent-skills"
renderer-version = "0.1.0"
profile-version = "agent-skills"

[trait.projection.digests]
source = "sha256:10429ba8e2eed76a4cba5d310d222656b26a80ca238985aa51c2896f1424a8ff"
canonical = "sha256:52cfc422756648da6e0eb3e8bef0f50e9e84f4f095f5e44f4895eb86d369556f"
model-visible = "sha256:86cad30fac21cb3dc778660d5c338973f871590c58da7bd8a54f12261ab8ef67"
render = "sha256:588606eb0460737ad1887059aaa46126944b8ec09a7d59a99069c6370e001f6a"
generated-markdown = "sha256:8df04ca431d0c8c0a6b17a375d6a90c6db6c131519c844782418076910885ea1"

[trait.projection.warnings]
semantic-loss = ["agent: agent-skills static render cannot enforce multi-agent frame routing; ctx runtime assignments and caller identity are required"]
advisory-policy = [
    "port.commit-report output contract has no title",
    "port.commit-report output contract has no format guidance",
]

[trait.projection.static-output]
drift-status = "in-sync"
path = "./.agents/skills/implement-default/SKILL.md"

[trait.projection.provenance]
command = "ctx traits export --update-skill-lock"
profile = "agent-skills"
options = ["--profile=agent-skills"]

[[trait]]
id = "implement"
variant = "phase"
requested-version = "0.20.0"
resolved-version = "0.20.0"

[trait.digests]
source = "sha256:0abac9870749dade4d16d3466be7f07fb0c6d54bd3c4cf1d5601026db34cb6f1"
canonical = "sha256:bd1a39d49928aa4f046a935fa105656dd69b53fc173fbcf247ddfbc424ef3a11"
model-visible = "sha256:edbe704a485b0f9318874c68a40685f0ca61ec0cdff3f1645589e9665a702a5d"
resource-manifest = "sha256:6dcb074372952eecf2c308a01aa9944a5b9b1e87eefd18423542401d8e0a3470"

[[trait.export]]
target = "agent-skills"
path = ".agents/skills/implement-phase/SKILL.md"
digest = "sha256:40f5078b464b7cd67a2f2dbeaa11988268bcc8f33a0edd4b4c6ddf52a26d3b29"

[[trait]]
id = "implement"
variant = "quick"
requested-version = "0.20.0"
resolved-version = "0.20.0"

[trait.digests]
source = "sha256:600c549ce14c550a98fa98bb646baac89ee743dae6170620f4a5a287f272be65"
canonical = "sha256:c599e2f93cd35ef49f884dc6df8b69f2f6f05f00c189e6c636427088bae56359"
model-visible = "sha256:bce31391325dc83d996d3f604b3d34b72550b1011da53e9752aa338b3f766f6c"
resource-manifest = "sha256:f95112d86fe2949c038a31c82594e2030fe90562bc2d6898f7e65c67d7efdef9"

[[trait.export]]
target = "agent-skills"
path = ".agents/skills/implement-quick/SKILL.md"
digest = "sha256:855bf4f6320842339a89f85b00d858a770da79be2c201ca392e152c44d4a764b"

[[trait]]
id = "implement"
variant = "smart"
requested-version = "0.20.0"
resolved-version = "0.20.0"

[trait.digests]
source = "sha256:7229f9ba1d2d46b00ead2ca2f6a141cdd1a758aa41400fc993fb8d4caefa0679"
canonical = "sha256:69776047bdd5042fa294e5ab164116e2116d2fb774433ef1d61dcdadc4d47415"
model-visible = "sha256:602261d59a00ce141fa96e076f345ee039225370540d89a1abe9236f52333cef"
resource-manifest = "sha256:f95112d86fe2949c038a31c82594e2030fe90562bc2d6898f7e65c67d7efdef9"

[[trait.export]]
target = "agent-skills"
path = ".agents/skills/implement-smart/SKILL.md"
digest = "sha256:304170d8d6d27ac8af175bc15b04d01c79c086e0b904f4f29319aa2464d01110"

[[trait]]
id = "implement"
variant = "strict"
requested-version = "0.20.0"
resolved-version = "0.20.0"

[trait.digests]
source = "sha256:30c8c1502df6985e7abbe2ff08a293ef06bb3ed2754cb20e563a66b0ae52d832"
canonical = "sha256:b02660089b1cb0e00831a5bb9f3a68e20d11df00a25b0ef002ffd0a48344acc1"
model-visible = "sha256:7191d23c7d0352bc2661db5c6e736d414d2f712755b9308ec1768330774e42e6"
resource-manifest = "sha256:f95112d86fe2949c038a31c82594e2030fe90562bc2d6898f7e65c67d7efdef9"

[[trait.export]]
target = "agent-skills"
path = ".agents/skills/implement-strict/SKILL.md"
digest = "sha256:8d7576a64e84951f86bd1ffa4c7b22891a6d9f99bf93c7ec19b174d13350e1cd"
