[metadata]
schema-version = "0.1"
generated-by = "ctx traits sync"
generated-at = "not-recorded"

[[trait]]
id = "implement"
variant = "default"
requested-version = "0.24.0"
resolved-version = "0.24.0"

[trait.digests]
source = "sha256:cbe235ee0a9dbc2060c4d1d49397ca41ef79ef5c7a2aba973bd927349a9fc5b2"
canonical = "sha256:9684914052fedf83a8c721ab4ed4b9932a6f5c58ddf34dee07a98faa279bd0b0"
model-visible = "sha256:5e6b7b17e87ac60ab50f147f78e03929c70fd47ff72dab4d5fac75d46a4a2ede"
resource-manifest = "sha256:f95112d86fe2949c038a31c82594e2030fe90562bc2d6898f7e65c67d7efdef9"

[[trait.export]]
target = "agent-skills"
path = ".agents/skills/implement-default/SKILL.md"
digest = "sha256:a3aae9479d6853983076c85c06eed9f631a059bc057f3fc7e2ae628234292afa"

[[trait.projection]]
target-profile = "agent-skills"
renderer-version = "0.1.0-alpha.1"
profile-version = "agent-skills"

[trait.projection.digests]
source = "sha256:00ffb439eefe46752f91c12788c0e73233139a564d985ea6e6fc6f9ae4e5029a"
canonical = "sha256:1f842efd3c3d3bff6e37ff4745b86dd78e280ea83ecbbb16303f2a01f01863f4"
model-visible = "sha256:0b7e5b0f6eb36123efa294914e0316bbb7640100f6360651372f29da724e14ae"
render = "sha256:90d3fd1d3e6d1fadbce6e615374f45ac08d0ac99cb0a27d019d505d18499ab8f"
generated-markdown = "sha256:a3aae9479d6853983076c85c06eed9f631a059bc057f3fc7e2ae628234292afa"

[trait.projection.warnings]
semantic-loss = ["agent: agent-skills static render cannot enforce multi-agent frame routing; ctx runtime assignments and caller identity are required"]
advisory-policy = [
    "port.commit-report output contract has no title",
    "port.commit-report output contract has no format guidance",
]

[trait.projection.static-output]
drift-status = "in-sync"
path = "./.agents/skills/implement-default/SKILL.md"

[trait.projection.provenance]
command = "ctx traits export --update-skill-lock"
profile = "agent-skills"
options = ["--profile=agent-skills"]

[[trait]]
id = "implement"
variant = "gated"
requested-version = "0.24.0"
resolved-version = "0.24.0"

[trait.digests]
source = "sha256:c51016b1571dacf819ce10f9bffc548586fed2f015e90d9eb33d8681ac54f3d1"
canonical = "sha256:554512b87f95259d30f9a42978d2ac24f2b20ed78f40268f334f1094303230bb"
model-visible = "sha256:d2aad076a3d1c80eefe82621e0d78353b2c1acf0b5e65d4e907835cc098cbaaf"
resource-manifest = "sha256:f95112d86fe2949c038a31c82594e2030fe90562bc2d6898f7e65c67d7efdef9"

[[trait]]
id = "implement"
variant = "guarded"
requested-version = "0.24.0"
resolved-version = "0.24.0"

[trait.digests]
source = "sha256:b4051e6f4fbb9840ad41c651c3f795e681f0cc8bfa7e8bf1b0a9a99b599a347d"
canonical = "sha256:3428de9dc12ab25e989ad8971f19653fdeaf78c7e14ad7f8dfb6d4dfb8a11247"
model-visible = "sha256:b04f58e2f866b7ff9597ed38d4fb2fe1ba63845ac4a07ff96f6fe5f6b2d2c2d5"
resource-manifest = "sha256:f95112d86fe2949c038a31c82594e2030fe90562bc2d6898f7e65c67d7efdef9"

[[trait]]
id = "implement"
variant = "phase"
requested-version = "0.24.0"
resolved-version = "0.24.0"

[trait.digests]
source = "sha256:2425cb25ee093b96331de01c924d097040e0ba5bc69837f208dc5e4d9f6a7ab3"
canonical = "sha256:e07de7e989de950b7183fc94fad03dfc69b29901e0ce27612619dc28a3a3da38"
model-visible = "sha256:363f625147e32d179bbc1ebd8d416fd738ec7d1fb934eed2ac438b5fdb2a6950"
resource-manifest = "sha256:6dcb074372952eecf2c308a01aa9944a5b9b1e87eefd18423542401d8e0a3470"

[[trait.export]]
target = "agent-skills"
path = ".agents/skills/implement-phase/SKILL.md"
digest = "sha256:40f5078b464b7cd67a2f2dbeaa11988268bcc8f33a0edd4b4c6ddf52a26d3b29"

[[trait]]
id = "implement"
variant = "quick"
requested-version = "0.24.0"
resolved-version = "0.24.0"

[trait.digests]
source = "sha256:30d63ff70f32a29f5491c9d58f1782932053aa1ca589c70f6f4948fce247082a"
canonical = "sha256:3fc80e23a916bd02286a86012aaa39c9b6144f490a29c82237b0dc1959d491f5"
model-visible = "sha256:b621872e3664467e89f86f8a170164bb9502bf2ad6196472fca71719fb4f76f2"
resource-manifest = "sha256:f95112d86fe2949c038a31c82594e2030fe90562bc2d6898f7e65c67d7efdef9"

[[trait.export]]
target = "agent-skills"
path = ".agents/skills/implement-quick/SKILL.md"
digest = "sha256:855bf4f6320842339a89f85b00d858a770da79be2c201ca392e152c44d4a764b"

[[trait]]
id = "implement"
variant = "smart"
requested-version = "0.24.0"
resolved-version = "0.24.0"

[trait.digests]
source = "sha256:a52e5d296a59d2cf053996676635a681e453e5e0943b55ba33462a01ff88832f"
canonical = "sha256:6804d075b5f55b62a0eb4e47923fca9f3b04d8b3f48f31757a6797e44531211d"
model-visible = "sha256:95aaf319f924789e3be4363fdb673651aa8d40da8bf6ab58742b3a88c4115574"
resource-manifest = "sha256:f95112d86fe2949c038a31c82594e2030fe90562bc2d6898f7e65c67d7efdef9"

[[trait.export]]
target = "agent-skills"
path = ".agents/skills/implement-smart/SKILL.md"
digest = "sha256:304170d8d6d27ac8af175bc15b04d01c79c086e0b904f4f29319aa2464d01110"

[[trait]]
id = "implement"
variant = "strict"
requested-version = "0.24.0"
resolved-version = "0.24.0"

[trait.digests]
source = "sha256:f0e60e99de9d66ba7025143df0028200dbc7b98f9d97a7bc75837145f42c164d"
canonical = "sha256:11145375256a944218a5bb2f080b862c0307e473c7de447794902e4e7b0b9bca"
model-visible = "sha256:028071eea7ee73f91c6aa49aaccf5909e632d949c43600c5df9a83b4304619af"
resource-manifest = "sha256:f95112d86fe2949c038a31c82594e2030fe90562bc2d6898f7e65c67d7efdef9"

[[trait.export]]
target = "agent-skills"
path = ".agents/skills/implement-strict/SKILL.md"
digest = "sha256:8d7576a64e84951f86bd1ffa4c7b22891a6d9f99bf93c7ec19b174d13350e1cd"
