[metadata]
schema-version = "0.1"
generated-by = "ctx traits sync"
generated-at = "not-recorded"

[[trait]]
id = "implement"
variant = "default"
requested-version = "0.24.0"
resolved-version = "0.24.0"

[trait.digests]
source = "sha256:86dcd17332d2f8b9795e3531ba894465fa3ea87b67173854ebf3498bb5b30bb8"
canonical = "sha256:3fdcd9d15cf3d8fbdd075b19023c0d1b9d9d51c89a93599c83368eec1098223b"
model-visible = "sha256:fd9a2a4575c2ed7926c839632e6d2d44dd194b9ab7233d052884badb0e043f83"
resource-manifest = "sha256:f95112d86fe2949c038a31c82594e2030fe90562bc2d6898f7e65c67d7efdef9"

[[trait.export]]
target = "agent-skills"
path = ".agents/skills/implement-default/SKILL.md"
digest = "sha256:b67eb66e17ec8ddf44f0b6e86c753aa42efc52b9c1c2355f40b966a19669abe8"

[[trait.projection]]
target-profile = "agent-skills"
renderer-version = "0.1.0-alpha.1"
profile-version = "agent-skills"

[trait.projection.digests]
source = "sha256:86dcd17332d2f8b9795e3531ba894465fa3ea87b67173854ebf3498bb5b30bb8"
canonical = "sha256:3fdcd9d15cf3d8fbdd075b19023c0d1b9d9d51c89a93599c83368eec1098223b"
model-visible = "sha256:fd9a2a4575c2ed7926c839632e6d2d44dd194b9ab7233d052884badb0e043f83"
render = "sha256:51847a6731e30750ea351815d879efd5ad5e7ec79c7fb84489a37f399f91589f"
generated-markdown = "sha256:b67eb66e17ec8ddf44f0b6e86c753aa42efc52b9c1c2355f40b966a19669abe8"

[trait.projection.warnings]
semantic-loss = ["agent: agent-skills static render cannot enforce multi-agent frame routing; ctx runtime assignments and caller identity are required"]
advisory-policy = [
    "port.commit-report output contract has no title",
    "port.commit-report output contract has no format guidance",
]

[trait.projection.static-output]
drift-status = "in-sync"
path = "./.agents/skills/implement-default/SKILL.md"

[trait.projection.provenance]
command = "ctx traits export --update-skill-lock"
profile = "agent-skills"
options = ["--profile=agent-skills"]

[[trait]]
id = "implement"
variant = "gated"
requested-version = "0.24.0"
resolved-version = "0.24.0"

[trait.digests]
source = "sha256:cf6d4716d8f342270f38ab0ac8d2df4744f3d3f669280f2b4601262b47caef78"
canonical = "sha256:83d2d6b02ca70e19e8333b4bd6339322257f12e7c778aa41271ba9b5d308dcfa"
model-visible = "sha256:303a471214a72aa2476595fd4b9fce54ba21962fc6422d1571dfd7ab1334144d"
resource-manifest = "sha256:f95112d86fe2949c038a31c82594e2030fe90562bc2d6898f7e65c67d7efdef9"

[[trait]]
id = "implement"
variant = "guarded"
requested-version = "0.24.0"
resolved-version = "0.24.0"

[trait.digests]
source = "sha256:67a55f1086a64f2e3cc3a3430f451e631e0de61cd8717568dd7cc849e49d5a24"
canonical = "sha256:aa5ce0dfa317e0ad5d38bceea22d86ecc32f4710a29d738d4dc8099cf5bc44e6"
model-visible = "sha256:427660ce3703a5a1f29ceeee90b0b3230aac31eacdfac76446ed4a50628247e3"
resource-manifest = "sha256:f95112d86fe2949c038a31c82594e2030fe90562bc2d6898f7e65c67d7efdef9"

[[trait]]
id = "implement"
variant = "phase"
requested-version = "0.24.0"
resolved-version = "0.24.0"

[trait.digests]
source = "sha256:be46596f0e94abeeb3af3890c7c84197b91bc8fa6362aee4a4fcf7957388308c"
canonical = "sha256:b374724eac50062281b2fa07806350a46d1d43199bc33f0b10fb348a8d4ba56a"
model-visible = "sha256:b72727c175de86087c448fce0885ba37e12688d97c10014babd72425a6b166f0"
resource-manifest = "sha256:6dcb074372952eecf2c308a01aa9944a5b9b1e87eefd18423542401d8e0a3470"

[[trait.export]]
target = "agent-skills"
path = ".agents/skills/implement-phase/SKILL.md"
digest = "sha256:40f5078b464b7cd67a2f2dbeaa11988268bcc8f33a0edd4b4c6ddf52a26d3b29"

[[trait]]
id = "implement"
variant = "quick"
requested-version = "0.24.0"
resolved-version = "0.24.0"

[trait.digests]
source = "sha256:672759f2481f3524a86ae8d60e82ab032302fe563c4de09cc57c27123fc219ea"
canonical = "sha256:d4439ad5b121566b93cd9a00951900ded34af3bc31b391c2ae478fe5b0b7d851"
model-visible = "sha256:4bbe90dbc0e8313009d578b013e80257c3e7c5698d24d3ad264e29003591332e"
resource-manifest = "sha256:f95112d86fe2949c038a31c82594e2030fe90562bc2d6898f7e65c67d7efdef9"

[[trait.export]]
target = "agent-skills"
path = ".agents/skills/implement-quick/SKILL.md"
digest = "sha256:855bf4f6320842339a89f85b00d858a770da79be2c201ca392e152c44d4a764b"

[[trait]]
id = "implement"
variant = "smart"
requested-version = "0.24.0"
resolved-version = "0.24.0"

[trait.digests]
source = "sha256:da30c0ee913cd2e2e9ab78fe7e779d88755c042a9346194c5faad5599305a938"
canonical = "sha256:0fc5f23aacb0bb9e2fe45cdf3abe11a544f47423f8a8f7b56cdbfa8867832406"
model-visible = "sha256:9d5b54d7c58483613ef47a3eb5204a999d8d3998b799abfad221d916a066707e"
resource-manifest = "sha256:f95112d86fe2949c038a31c82594e2030fe90562bc2d6898f7e65c67d7efdef9"

[[trait.export]]
target = "agent-skills"
path = ".agents/skills/implement-smart/SKILL.md"
digest = "sha256:304170d8d6d27ac8af175bc15b04d01c79c086e0b904f4f29319aa2464d01110"

[[trait]]
id = "implement"
variant = "strict"
requested-version = "0.24.0"
resolved-version = "0.24.0"

[trait.digests]
source = "sha256:2f6c317a035a54d935493c9f4b192ab10a9c1121aad2604ce1bed1ed4c5d97ce"
canonical = "sha256:9c83f792a219c4a23376cc23db5f012f5e6c3e2e0940f32e52c4470426c743a5"
model-visible = "sha256:e9a95dfe8205c645f2117f70021826d3878c91d8cdd8ee0dc89708b5a0d74bd1"
resource-manifest = "sha256:f95112d86fe2949c038a31c82594e2030fe90562bc2d6898f7e65c67d7efdef9"

[[trait.export]]
target = "agent-skills"
path = ".agents/skills/implement-strict/SKILL.md"
digest = "sha256:8d7576a64e84951f86bd1ffa4c7b22891a6d9f99bf93c7ec19b174d13350e1cd"
