[metadata]
schema-version = "0.1"
generated-by = "ctx traits sync"
generated-at = "not-recorded"

[[trait]]
id = "refactor-rust"
requested-version = "0.1.0"
resolved-version = "0.1.0"

[trait.digests]
source = "sha256:f1003da648c08164ad56cf7eee3515200b2c2198fa42935b55fd5fe7f6e1dee3"
canonical = "sha256:d15e6395221f08f60419cf8dd70a7d6cf5d415d17fea93ad0a65cdf23d46766f"
model-visible = "sha256:e4e6307891f794333728bcfcdf4b9d8ed0d250949752b04fd2e95421ff048b08"
resource-manifest = "sha256:a9608f9a2c7a1461645f5265f86c5fa82a83876f8d65b6632e21386fcfbba138"

[[trait.export]]
target = "agent-skills"
path = ".agents/skills/refactor-rust/SKILL.md"
digest = "sha256:6fdea311b152d6f3ec097aa2d738c46a530204550c38ed804a9073fd1671a380"

[[trait.projection]]
target-profile = "agent-skills"
renderer-version = "0.1.0-alpha.1"
profile-version = "agent-skills"

[trait.projection.digests]
source = "sha256:1ea14bdb28c5211001f836745c3c366b04d55b0a5c746e81ef0feea0ec467305"
canonical = "sha256:7de7ea08afc49e8777fec7cfc2a17a31fb676c10c09f8818887d89dee3c6dd51"
model-visible = "sha256:4203bf72799ebd2fb17bdbee044e68c4f139e0af9e74c454eaf4e5b60497c536"
render = "sha256:bae1418056102d7ed7225fb25d01c276b602a063bb6dc00060f397a77d097e9d"
generated-markdown = "sha256:6fdea311b152d6f3ec097aa2d738c46a530204550c38ed804a9073fd1671a380"

[trait.projection.warnings]
semantic-loss = ["agent: agent-skills static render cannot enforce multi-agent frame routing; ctx runtime assignments and caller identity are required"]

[trait.projection.static-output]
drift-status = "in-sync"
path = "packages/rust/.agents/skills/refactor-rust/SKILL.md"

[trait.projection.provenance]
command = "ctx traits export --update-skill-lock"
profile = "agent-skills"
options = ["--profile=agent-skills"]

[[dependency]]
alias = "rust"
id = "rust"
requested-version = "0.1.0"
resolved-version = "0.1.0"
vendored-path = ".ctx/traits/vendor/rust"

[dependency.source]
path = "../rust"

[dependency.digests]
source = "sha256:180d6694e703bb8b1612513b08087757328edae3e19a2c01c21db1a289c3f46b"
canonical = "sha256:b7f0b99ed76e28b5489194a04cfacf3d3205e0b8cf5f99dd0443ca7e24dce9e5"
model-visible = "sha256:53348f8682af03d50b504f7f36a931793bfe2b87af196b974682813d3590f09d"
resource-manifest = "sha256:703b121992807e1760264b2ede4507cfb29663b3ef46365d09dd4b2307304bd5"
