[metadata]
schema-version = "0.1"
generated-by = "ctx traits sync"
generated-at = "not-recorded"

[[trait]]
id = "refactor-rust"
requested-version = "0.1.0"
resolved-version = "0.1.0"

[trait.digests]
source = "sha256:3715a0986de02841be8c6ea86accf0590e651a9a1c363a92164d6a39abbd54e5"
canonical = "sha256:43d194e82e9a0394da1bf6c12a8829b8ae1f46aa9146668abe66bd39cb6d1727"
model-visible = "sha256:294a8951dcf2438bb54cd77405c1c80512ac7db2e5f9ab242c534a0879de486b"
resource-manifest = "sha256:a9608f9a2c7a1461645f5265f86c5fa82a83876f8d65b6632e21386fcfbba138"

[[trait.export]]
target = "agent-skills"
path = ".agents/skills/refactor-rust/SKILL.md"
digest = "sha256:6fdea311b152d6f3ec097aa2d738c46a530204550c38ed804a9073fd1671a380"

[[trait.projection]]
target-profile = "agent-skills"
renderer-version = "0.1.0-alpha.1"
profile-version = "agent-skills"

[trait.projection.digests]
source = "sha256:1ea14bdb28c5211001f836745c3c366b04d55b0a5c746e81ef0feea0ec467305"
canonical = "sha256:7de7ea08afc49e8777fec7cfc2a17a31fb676c10c09f8818887d89dee3c6dd51"
model-visible = "sha256:4203bf72799ebd2fb17bdbee044e68c4f139e0af9e74c454eaf4e5b60497c536"
render = "sha256:bae1418056102d7ed7225fb25d01c276b602a063bb6dc00060f397a77d097e9d"
generated-markdown = "sha256:6fdea311b152d6f3ec097aa2d738c46a530204550c38ed804a9073fd1671a380"

[trait.projection.warnings]
semantic-loss = ["agent: agent-skills static render cannot enforce multi-agent frame routing; ctx runtime assignments and caller identity are required"]

[trait.projection.static-output]
drift-status = "in-sync"
path = "packages/rust/.agents/skills/refactor-rust/SKILL.md"

[trait.projection.provenance]
command = "ctx traits export --update-skill-lock"
profile = "agent-skills"
options = ["--profile=agent-skills"]

[[dependency]]
alias = "rust"
id = "rust"
requested-version = "0.1.0"
resolved-version = "0.1.0"
vendored-path = ".ctx/traits/vendor/rust"

[dependency.source]
path = "../rust"

[dependency.digests]
source = "sha256:4c095ad168dd7d2ac5e5357b895d705b80d7a75b70c594df2dfa834501d4db33"
canonical = "sha256:dafe179a386f1513a85d74d867bc9f7a1f8404e8ea54550934f3092dcb12afef"
model-visible = "sha256:7e7ea3b5d7c742f1701c218d1fdb3163701488ccebbea228b4a30f6d6f7fb1cf"
resource-manifest = "sha256:703b121992807e1760264b2ede4507cfb29663b3ef46365d09dd4b2307304bd5"
