[metadata]
schema-version = "0.1"
generated-by = "ctx traits sync"
generated-at = "not-recorded"

[[trait]]
id = "review"
variant = "default"
requested-version = "0.1.0"
resolved-version = "0.1.0"

[trait.digests]
source = "sha256:be78d5950cc42169e4afdd9c77b1f3ab910600b1319052abb00e5b9ff1831f79"
canonical = "sha256:599509dccf596555f60ae5c73ae39f361ef071f9b0d1ab703ebd7e73091e1ad3"
model-visible = "sha256:d5c79b31f0a087fbab8c974cdf0eb37cac0f186b236e57435afb19bdf003d203"
resource-manifest = "sha256:355cf9c76d5b62fdbeaf7cb842541dbdc760245189aff6f4d743afad5716f1cb"

[[trait.export]]
target = "agent-skills"
path = ".agents/skills/review-default/SKILL.md"
digest = "sha256:b2b4202128ca9ef97517fd070278898e14ace810555179a625c6fbf40762dea3"

[[trait.projection]]
target-profile = "agent-skills"
renderer-version = "0.1.0-alpha.1"
profile-version = "agent-skills"

[trait.projection.digests]
source = "sha256:14e2e70d3980066f3a96e8752bb03fe9e565ff078b21eb6e7835849ce7ae2293"
canonical = "sha256:d24f90932b9ca0edd25dd57a95505306e55839bf57146a54a770acbd6c9f4840"
model-visible = "sha256:d5c79b31f0a087fbab8c974cdf0eb37cac0f186b236e57435afb19bdf003d203"
render = "sha256:fb6891c590278ddcd36155ee0bb51b78a8fce4cebf6f3df8f0119bc026bc23cb"
generated-markdown = "sha256:b2b4202128ca9ef97517fd070278898e14ace810555179a625c6fbf40762dea3"

[trait.projection.warnings]
semantic-loss = ["agent: agent-skills static render cannot enforce multi-agent frame routing; ctx runtime assignments and caller identity are required"]
advisory-policy = [
    "port.review-document-report output contract has no title",
    "port.review-document-report output contract has no format guidance",
    "port.review-verdict-report output contract has no title",
    "port.review-verdict-report output contract has no format guidance",
    "port.tree-status-report output contract has no title",
    "port.tree-status-report output contract has no format guidance",
    'section "Procedure" redacted: 1 blocking finding(s) remained after field sanitation',
]

[trait.projection.static-output]
drift-status = "in-sync"
path = "./.agents/skills/review-default/SKILL.md"

[trait.projection.provenance]
command = "ctx traits export --update-skill-lock"
profile = "agent-skills"
options = ["--profile=agent-skills"]
