[metadata]
schema-version = "0.1"
generated-by = "ctx traits sync"
generated-at = "not-recorded"

[[trait]]
id = "review"
variant = "default"
requested-version = "0.3.1"
resolved-version = "0.3.1"

[trait.digests]
source = "sha256:34cd88a9b2cb9b7a33b37b35c5b8065c150d60685af99fbab8525ebb96f39f11"
canonical = "sha256:a39d46d9aa9ee15265a6982c20e6de7654599ea866a28b54f368fef75ec4e344"
model-visible = "sha256:3f5d03a51a47aa407319fdcaaf522ff0b083cde95d09ec656494a564edc791a7"
resource-manifest = "sha256:355cf9c76d5b62fdbeaf7cb842541dbdc760245189aff6f4d743afad5716f1cb"

[[trait]]
id = "review"
variant = "pr"
requested-version = "0.3.1"
resolved-version = "0.3.1"

[trait.digests]
source = "sha256:c2c46292e66c7bab24f0be913975ea11d9cdf4a3e97447f4027ded006ec77c73"
canonical = "sha256:767b94bc64c6b7b0afc6637266df6c9970c8b73b4ff0b09cbc68135681b1d440"
model-visible = "sha256:c88462dadf536a7c716f2167181a7824b2bed695d471ee380a797a3b1f1aad6c"
resource-manifest = "sha256:355cf9c76d5b62fdbeaf7cb842541dbdc760245189aff6f4d743afad5716f1cb"
